Microsoft Visual Studio Solution File, Format Version 11.00
# Visual Studio 2010
Project("{8BC9CEB8-8B4A-11D0-8D11-00A0C91BC942}") = "TriggerDetect", "TriggerDetect.vcxproj", "{9B08B68B-B8D7-4251-BB7B-9FEBC3020776}"
EndProject
Global
	GlobalSection(SolutionConfigurationPlatforms) = preSolution
		Debug|Win32 = Debug|Win32
		Release|Win32 = Release|Win32
		Template|Win32 = Template|Win32
	EndGlobalSection
	GlobalSection(ProjectConfigurationPlatforms) = postSolution
		{9B08B68B-B8D7-4251-BB7B-9FEBC3020776}.Debug|Win32.ActiveCfg = Debug|Win32
		{9B08B68B-B8D7-4251-BB7B-9FEBC3020776}.Debug|Win32.Build.0 = Debug|Win32
		{9B08B68B-B8D7-4251-BB7B-9FEBC3020776}.Release|Win32.ActiveCfg = Release|Win32
		{9B08B68B-B8D7-4251-BB7B-9FEBC3020776}.Release|Win32.Build.0 = Release|Win32
		{9B08B68B-B8D7-4251-BB7B-9FEBC3020776}.Template|Win32.ActiveCfg = Template|Win32
		{9B08B68B-B8D7-4251-BB7B-9FEBC3020776}.Template|Win32.Build.0 = Template|Win32
	EndGlobalSection
	GlobalSection(SolutionProperties) = preSolution
		HideSolutionNode = FALSE
	EndGlobalSection
	GlobalSection(DPCodeReviewSolutionGUID) = preSolution
		DPCodeReviewSolutionGUID = {00000000-0000-0000-0000-000000000000}
	EndGlobalSection
EndGlobal
