
Microsoft Visual Studio Solution File, Format Version 11.00
# Visual Studio 2010
Project("{2150E333-8FDC-42A3-9474-1A3956D46DE8}") = "cpp test", "cpp test", "{1E46234A-F39F-4C76-81DD-82FCC7CE0104}"
EndProject
Project("{2150E333-8FDC-42A3-9474-1A3956D46DE8}") = "expat", "expat", "{D1E63A6D-B7B6-4017-ACFF-B4A9C22213A0}"
EndProject
Project("{2150E333-8FDC-42A3-9474-1A3956D46DE8}") = "libogg", "libogg", "{E26B91B3-B832-419F-866A-364655EE3F37}"
EndProject
Project("{2150E333-8FDC-42A3-9474-1A3956D46DE8}") = "libvorbis", "libvorbis", "{55BEFA6A-5625-4CDD-8C09-EFA11284EF7B}"
EndProject
Project("{2150E333-8FDC-42A3-9474-1A3956D46DE8}") = "NvTriStrip", "NvTriStrip", "{91CF819A-0490-48C6-A80E-EC11958755B1}"
EndProject
Project("{2150E333-8FDC-42A3-9474-1A3956D46DE8}") = "zlib123", "zlib123", "{EC8526B2-B4A5-4BB3-90D2-D885E8A81AEA}"
EndProject
Project("{2150E333-8FDC-42A3-9474-1A3956D46DE8}") = "Lua", "Lua", "{B42C11CF-86D3-46C0-BDBF-C5319F78340B}"
EndProject
Project("{2150E333-8FDC-42A3-9474-1A3956D46DE8}") = "Lua401", "Lua401", "{D0B6FB84-5B67-451C-B095-CB1F80A27139}"
EndProject
Project("{2150E333-8FDC-42A3-9474-1A3956D46DE8}") = "Lua500", "Lua500", "{797E3E71-E91F-42EF-A89E-B43D1D839114}"
EndProject
Project("{2150E333-8FDC-42A3-9474-1A3956D46DE8}") = "sqllite", "sqllite", "{2C14C0F8-E7A6-4049-8099-11F877A6B50E}"
EndProject
Project("{2150E333-8FDC-42A3-9474-1A3956D46DE8}") = "onig", "onig", "{97F94A6E-2966-4155-A3FB-C315637DBBE0}"
EndProject
Project("{8BC9CEB8-8B4A-11D0-8D11-00A0C91BC942}") = "cpptest", "3rdparty\cpptest\win\VisualStudio.NET\cpptest\cpptest.vcxproj", "{ED964EAB-86BC-4568-B3DE-66686C81BFF7}"
EndProject
Project("{8BC9CEB8-8B4A-11D0-8D11-00A0C91BC942}") = "ogg_static", "3rdparty\libogg-1.1.3\win32\ogg_static.vcxproj", "{F37DAB12-87E1-45F7-A062-B7EE197EB62E}"
EndProject
Project("{8BC9CEB8-8B4A-11D0-8D11-00A0C91BC942}") = "vorbis_static", "3rdparty\libvorbis-1.2.0\win32\vorbis_static.vcxproj", "{251262CA-CCBB-4298-8214-4CAB8B0971FE}"
EndProject
Project("{8BC9CEB8-8B4A-11D0-8D11-00A0C91BC942}") = "vorbisenc_static", "3rdparty\libvorbis-1.2.0\win32\vorbisenc_static.vcxproj", "{9AC603DE-B316-4666-BF80-DE8BB031AF31}"
EndProject
Project("{8BC9CEB8-8B4A-11D0-8D11-00A0C91BC942}") = "vorbisfile_static", "3rdparty\libvorbis-1.2.0\win32\vorbisfile_static.vcxproj", "{DFFECD1D-921F-452B-BCBE-144452A48A1C}"
EndProject
Project("{8BC9CEB8-8B4A-11D0-8D11-00A0C91BC942}") = "zlib", "3rdparty\zlib123\projects\visualc6\zlib.vcxproj", "{8F0D7932-4E4E-4A34-91A0-8844BA1966D5}"
EndProject
Project("{8BC9CEB8-8B4A-11D0-8D11-00A0C91BC942}") = "luac", "3rdparty\projects\Lua401\luac\luac.vcxproj", "{BEC0AEBB-4798-43A3-BED7-E07BCC372BD0}"
EndProject
Project("{8BC9CEB8-8B4A-11D0-8D11-00A0C91BC942}") = "lua5", "3rdparty\projects\Lua500\lua5\lua5.vcxproj", "{7182673F-E84C-466E-9A88-956229BC287D}"
EndProject
Project("{8BC9CEB8-8B4A-11D0-8D11-00A0C91BC942}") = "luac5", "3rdparty\projects\Lua500\luac5\luac5.vcxproj", "{109C5B49-214E-4D44-A833-60DE1EDD824F}"
EndProject
Project("{8BC9CEB8-8B4A-11D0-8D11-00A0C91BC942}") = "sqlite3", "3rdparty\projects\sqlite\sqlite\sqlite.vcxproj", "{EB72B23A-C42B-474A-9582-CC7D4DDD2E8D}"
EndProject
Project("{8BC9CEB8-8B4A-11D0-8D11-00A0C91BC942}") = "Lua401", "3rdparty\projects\Lua401\Lua401\Lua401.vcxproj", "{9B2AB94E-0D59-48C9-8D2B-6E087E0E8F9E}"
EndProject
Project("{8BC9CEB8-8B4A-11D0-8D11-00A0C91BC942}") = "lua", "3rdparty\projects\Lua401\lua\lua.vcxproj", "{1C44E7E3-0D58-4464-96FB-7741C61971E8}"
EndProject
Project("{8BC9CEB8-8B4A-11D0-8D11-00A0C91BC942}") = "Lua500", "3rdparty\projects\Lua500\Lua500\Lua500.vcxproj", "{51A47A6C-02EB-4F0D-8905-0513B419ADC4}"
EndProject
Project("{8BC9CEB8-8B4A-11D0-8D11-00A0C91BC942}") = "expat", "3rdparty\expat-2.0.1\lib\expat.vcxproj", "{C7962AC4-A99A-456E-B69E-9332B0560AFF}"
EndProject
Project("{8BC9CEB8-8B4A-11D0-8D11-00A0C91BC942}") = "NvTriStrip", "3rdparty\nvtristrip\src\NvTriStrip\NvTriStrip.vcxproj", "{3A9E8B28-4553-44C2-8B1F-E5A4713031F6}"
EndProject
Project("{8BC9CEB8-8B4A-11D0-8D11-00A0C91BC942}") = "onig-5.9.2", "3rdparty\onig-5.9.2\onig-5.9.2.vcxproj", "{868AE103-4D6D-4404-A5B1-299B22F7DFA6}"
EndProject
Global
	GlobalSection(SolutionConfigurationPlatforms) = preSolution
		Debug|Win32 = Debug|Win32
		DLL ASM Debug|Win32 = DLL ASM Debug|Win32
		DLL ASM Release|Win32 = DLL ASM Release|Win32
		DLL Debug|Win32 = DLL Debug|Win32
		DLL Release|Win32 = DLL Release|Win32
		LIB ASM Debug|Win32 = LIB ASM Debug|Win32
		LIB ASM Release|Win32 = LIB ASM Release|Win32
		LIB Debug|Win32 = LIB Debug|Win32
		LIB Release|Win32 = LIB Release|Win32
		Release|Win32 = Release|Win32
	EndGlobalSection
	GlobalSection(ProjectConfigurationPlatforms) = postSolution
		{ED964EAB-86BC-4568-B3DE-66686C81BFF7}.Debug|Win32.ActiveCfg = Debug|Win32
		{ED964EAB-86BC-4568-B3DE-66686C81BFF7}.Debug|Win32.Build.0 = Debug|Win32
		{ED964EAB-86BC-4568-B3DE-66686C81BFF7}.DLL ASM Debug|Win32.ActiveCfg = Debug|Win32
		{ED964EAB-86BC-4568-B3DE-66686C81BFF7}.DLL ASM Debug|Win32.Build.0 = Debug|Win32
		{ED964EAB-86BC-4568-B3DE-66686C81BFF7}.DLL ASM Release|Win32.ActiveCfg = Release|Win32
		{ED964EAB-86BC-4568-B3DE-66686C81BFF7}.DLL ASM Release|Win32.Build.0 = Release|Win32
		{ED964EAB-86BC-4568-B3DE-66686C81BFF7}.DLL Debug|Win32.ActiveCfg = Debug|Win32
		{ED964EAB-86BC-4568-B3DE-66686C81BFF7}.DLL Debug|Win32.Build.0 = Debug|Win32
		{ED964EAB-86BC-4568-B3DE-66686C81BFF7}.DLL Release|Win32.ActiveCfg = Release|Win32
		{ED964EAB-86BC-4568-B3DE-66686C81BFF7}.DLL Release|Win32.Build.0 = Release|Win32
		{ED964EAB-86BC-4568-B3DE-66686C81BFF7}.LIB ASM Debug|Win32.ActiveCfg = Debug|Win32
		{ED964EAB-86BC-4568-B3DE-66686C81BFF7}.LIB ASM Debug|Win32.Build.0 = Debug|Win32
		{ED964EAB-86BC-4568-B3DE-66686C81BFF7}.LIB ASM Release|Win32.ActiveCfg = Release|Win32
		{ED964EAB-86BC-4568-B3DE-66686C81BFF7}.LIB ASM Release|Win32.Build.0 = Release|Win32
		{ED964EAB-86BC-4568-B3DE-66686C81BFF7}.LIB Debug|Win32.ActiveCfg = Debug|Win32
		{ED964EAB-86BC-4568-B3DE-66686C81BFF7}.LIB Debug|Win32.Build.0 = Debug|Win32
		{ED964EAB-86BC-4568-B3DE-66686C81BFF7}.LIB Release|Win32.ActiveCfg = Release|Win32
		{ED964EAB-86BC-4568-B3DE-66686C81BFF7}.LIB Release|Win32.Build.0 = Release|Win32
		{ED964EAB-86BC-4568-B3DE-66686C81BFF7}.Release|Win32.ActiveCfg = Release|Win32
		{ED964EAB-86BC-4568-B3DE-66686C81BFF7}.Release|Win32.Build.0 = Release|Win32
		{F37DAB12-87E1-45F7-A062-B7EE197EB62E}.Debug|Win32.ActiveCfg = Debug|Win32
		{F37DAB12-87E1-45F7-A062-B7EE197EB62E}.Debug|Win32.Build.0 = Debug|Win32
		{F37DAB12-87E1-45F7-A062-B7EE197EB62E}.DLL ASM Debug|Win32.ActiveCfg = Debug|Win32
		{F37DAB12-87E1-45F7-A062-B7EE197EB62E}.DLL ASM Debug|Win32.Build.0 = Debug|Win32
		{F37DAB12-87E1-45F7-A062-B7EE197EB62E}.DLL ASM Release|Win32.ActiveCfg = Release|Win32
		{F37DAB12-87E1-45F7-A062-B7EE197EB62E}.DLL ASM Release|Win32.Build.0 = Release|Win32
		{F37DAB12-87E1-45F7-A062-B7EE197EB62E}.DLL Debug|Win32.ActiveCfg = Debug|Win32
		{F37DAB12-87E1-45F7-A062-B7EE197EB62E}.DLL Debug|Win32.Build.0 = Debug|Win32
		{F37DAB12-87E1-45F7-A062-B7EE197EB62E}.DLL Release|Win32.ActiveCfg = Release|Win32
		{F37DAB12-87E1-45F7-A062-B7EE197EB62E}.DLL Release|Win32.Build.0 = Release|Win32
		{F37DAB12-87E1-45F7-A062-B7EE197EB62E}.LIB ASM Debug|Win32.ActiveCfg = Debug|Win32
		{F37DAB12-87E1-45F7-A062-B7EE197EB62E}.LIB ASM Debug|Win32.Build.0 = Debug|Win32
		{F37DAB12-87E1-45F7-A062-B7EE197EB62E}.LIB ASM Release|Win32.ActiveCfg = Release|Win32
		{F37DAB12-87E1-45F7-A062-B7EE197EB62E}.LIB ASM Release|Win32.Build.0 = Release|Win32
		{F37DAB12-87E1-45F7-A062-B7EE197EB62E}.LIB Debug|Win32.ActiveCfg = Debug|Win32
		{F37DAB12-87E1-45F7-A062-B7EE197EB62E}.LIB Debug|Win32.Build.0 = Debug|Win32
		{F37DAB12-87E1-45F7-A062-B7EE197EB62E}.LIB Release|Win32.ActiveCfg = Release|Win32
		{F37DAB12-87E1-45F7-A062-B7EE197EB62E}.LIB Release|Win32.Build.0 = Release|Win32
		{F37DAB12-87E1-45F7-A062-B7EE197EB62E}.Release|Win32.ActiveCfg = Release|Win32
		{F37DAB12-87E1-45F7-A062-B7EE197EB62E}.Release|Win32.Build.0 = Release|Win32
		{251262CA-CCBB-4298-8214-4CAB8B0971FE}.Debug|Win32.ActiveCfg = Debug|Win32
		{251262CA-CCBB-4298-8214-4CAB8B0971FE}.Debug|Win32.Build.0 = Debug|Win32
		{251262CA-CCBB-4298-8214-4CAB8B0971FE}.DLL ASM Debug|Win32.ActiveCfg = Debug|Win32
		{251262CA-CCBB-4298-8214-4CAB8B0971FE}.DLL ASM Debug|Win32.Build.0 = Debug|Win32
		{251262CA-CCBB-4298-8214-4CAB8B0971FE}.DLL ASM Release|Win32.ActiveCfg = Release|Win32
		{251262CA-CCBB-4298-8214-4CAB8B0971FE}.DLL ASM Release|Win32.Build.0 = Release|Win32
		{251262CA-CCBB-4298-8214-4CAB8B0971FE}.DLL Debug|Win32.ActiveCfg = Debug|Win32
		{251262CA-CCBB-4298-8214-4CAB8B0971FE}.DLL Debug|Win32.Build.0 = Debug|Win32
		{251262CA-CCBB-4298-8214-4CAB8B0971FE}.DLL Release|Win32.ActiveCfg = Release|Win32
		{251262CA-CCBB-4298-8214-4CAB8B0971FE}.DLL Release|Win32.Build.0 = Release|Win32
		{251262CA-CCBB-4298-8214-4CAB8B0971FE}.LIB ASM Debug|Win32.ActiveCfg = Debug|Win32
		{251262CA-CCBB-4298-8214-4CAB8B0971FE}.LIB ASM Debug|Win32.Build.0 = Debug|Win32
		{251262CA-CCBB-4298-8214-4CAB8B0971FE}.LIB ASM Release|Win32.ActiveCfg = Release|Win32
		{251262CA-CCBB-4298-8214-4CAB8B0971FE}.LIB ASM Release|Win32.Build.0 = Release|Win32
		{251262CA-CCBB-4298-8214-4CAB8B0971FE}.LIB Debug|Win32.ActiveCfg = Debug|Win32
		{251262CA-CCBB-4298-8214-4CAB8B0971FE}.LIB Debug|Win32.Build.0 = Debug|Win32
		{251262CA-CCBB-4298-8214-4CAB8B0971FE}.LIB Release|Win32.ActiveCfg = Release|Win32
		{251262CA-CCBB-4298-8214-4CAB8B0971FE}.LIB Release|Win32.Build.0 = Release|Win32
		{251262CA-CCBB-4298-8214-4CAB8B0971FE}.Release|Win32.ActiveCfg = Release|Win32
		{251262CA-CCBB-4298-8214-4CAB8B0971FE}.Release|Win32.Build.0 = Release|Win32
		{9AC603DE-B316-4666-BF80-DE8BB031AF31}.Debug|Win32.ActiveCfg = Debug|Win32
		{9AC603DE-B316-4666-BF80-DE8BB031AF31}.Debug|Win32.Build.0 = Debug|Win32
		{9AC603DE-B316-4666-BF80-DE8BB031AF31}.DLL ASM Debug|Win32.ActiveCfg = Debug|Win32
		{9AC603DE-B316-4666-BF80-DE8BB031AF31}.DLL ASM Debug|Win32.Build.0 = Debug|Win32
		{9AC603DE-B316-4666-BF80-DE8BB031AF31}.DLL ASM Release|Win32.ActiveCfg = Release|Win32
		{9AC603DE-B316-4666-BF80-DE8BB031AF31}.DLL ASM Release|Win32.Build.0 = Release|Win32
		{9AC603DE-B316-4666-BF80-DE8BB031AF31}.DLL Debug|Win32.ActiveCfg = Debug|Win32
		{9AC603DE-B316-4666-BF80-DE8BB031AF31}.DLL Debug|Win32.Build.0 = Debug|Win32
		{9AC603DE-B316-4666-BF80-DE8BB031AF31}.DLL Release|Win32.ActiveCfg = Release|Win32
		{9AC603DE-B316-4666-BF80-DE8BB031AF31}.DLL Release|Win32.Build.0 = Release|Win32
		{9AC603DE-B316-4666-BF80-DE8BB031AF31}.LIB ASM Debug|Win32.ActiveCfg = Debug|Win32
		{9AC603DE-B316-4666-BF80-DE8BB031AF31}.LIB ASM Debug|Win32.Build.0 = Debug|Win32
		{9AC603DE-B316-4666-BF80-DE8BB031AF31}.LIB ASM Release|Win32.ActiveCfg = Release|Win32
		{9AC603DE-B316-4666-BF80-DE8BB031AF31}.LIB ASM Release|Win32.Build.0 = Release|Win32
		{9AC603DE-B316-4666-BF80-DE8BB031AF31}.LIB Debug|Win32.ActiveCfg = Debug|Win32
		{9AC603DE-B316-4666-BF80-DE8BB031AF31}.LIB Debug|Win32.Build.0 = Debug|Win32
		{9AC603DE-B316-4666-BF80-DE8BB031AF31}.LIB Release|Win32.ActiveCfg = Release|Win32
		{9AC603DE-B316-4666-BF80-DE8BB031AF31}.LIB Release|Win32.Build.0 = Release|Win32
		{9AC603DE-B316-4666-BF80-DE8BB031AF31}.Release|Win32.ActiveCfg = Release|Win32
		{9AC603DE-B316-4666-BF80-DE8BB031AF31}.Release|Win32.Build.0 = Release|Win32
		{DFFECD1D-921F-452B-BCBE-144452A48A1C}.Debug|Win32.ActiveCfg = Debug|Win32
		{DFFECD1D-921F-452B-BCBE-144452A48A1C}.Debug|Win32.Build.0 = Debug|Win32
		{DFFECD1D-921F-452B-BCBE-144452A48A1C}.DLL ASM Debug|Win32.ActiveCfg = Debug|Win32
		{DFFECD1D-921F-452B-BCBE-144452A48A1C}.DLL ASM Debug|Win32.Build.0 = Debug|Win32
		{DFFECD1D-921F-452B-BCBE-144452A48A1C}.DLL ASM Release|Win32.ActiveCfg = Release|Win32
		{DFFECD1D-921F-452B-BCBE-144452A48A1C}.DLL ASM Release|Win32.Build.0 = Release|Win32
		{DFFECD1D-921F-452B-BCBE-144452A48A1C}.DLL Debug|Win32.ActiveCfg = Debug|Win32
		{DFFECD1D-921F-452B-BCBE-144452A48A1C}.DLL Debug|Win32.Build.0 = Debug|Win32
		{DFFECD1D-921F-452B-BCBE-144452A48A1C}.DLL Release|Win32.ActiveCfg = Release|Win32
		{DFFECD1D-921F-452B-BCBE-144452A48A1C}.DLL Release|Win32.Build.0 = Release|Win32
		{DFFECD1D-921F-452B-BCBE-144452A48A1C}.LIB ASM Debug|Win32.ActiveCfg = Debug|Win32
		{DFFECD1D-921F-452B-BCBE-144452A48A1C}.LIB ASM Debug|Win32.Build.0 = Debug|Win32
		{DFFECD1D-921F-452B-BCBE-144452A48A1C}.LIB ASM Release|Win32.ActiveCfg = Release|Win32
		{DFFECD1D-921F-452B-BCBE-144452A48A1C}.LIB ASM Release|Win32.Build.0 = Release|Win32
		{DFFECD1D-921F-452B-BCBE-144452A48A1C}.LIB Debug|Win32.ActiveCfg = Debug|Win32
		{DFFECD1D-921F-452B-BCBE-144452A48A1C}.LIB Debug|Win32.Build.0 = Debug|Win32
		{DFFECD1D-921F-452B-BCBE-144452A48A1C}.LIB Release|Win32.ActiveCfg = Release|Win32
		{DFFECD1D-921F-452B-BCBE-144452A48A1C}.LIB Release|Win32.Build.0 = Release|Win32
		{DFFECD1D-921F-452B-BCBE-144452A48A1C}.Release|Win32.ActiveCfg = Release|Win32
		{DFFECD1D-921F-452B-BCBE-144452A48A1C}.Release|Win32.Build.0 = Release|Win32
		{8F0D7932-4E4E-4A34-91A0-8844BA1966D5}.Debug|Win32.ActiveCfg = LIB Debug|Win32
		{8F0D7932-4E4E-4A34-91A0-8844BA1966D5}.Debug|Win32.Build.0 = LIB Debug|Win32
		{8F0D7932-4E4E-4A34-91A0-8844BA1966D5}.DLL ASM Debug|Win32.ActiveCfg = DLL ASM Debug|Win32
		{8F0D7932-4E4E-4A34-91A0-8844BA1966D5}.DLL ASM Debug|Win32.Build.0 = DLL ASM Debug|Win32
		{8F0D7932-4E4E-4A34-91A0-8844BA1966D5}.DLL ASM Release|Win32.ActiveCfg = DLL ASM Release|Win32
		{8F0D7932-4E4E-4A34-91A0-8844BA1966D5}.DLL ASM Release|Win32.Build.0 = DLL ASM Release|Win32
		{8F0D7932-4E4E-4A34-91A0-8844BA1966D5}.DLL Debug|Win32.ActiveCfg = DLL Debug|Win32
		{8F0D7932-4E4E-4A34-91A0-8844BA1966D5}.DLL Debug|Win32.Build.0 = DLL Debug|Win32
		{8F0D7932-4E4E-4A34-91A0-8844BA1966D5}.DLL Release|Win32.ActiveCfg = DLL Release|Win32
		{8F0D7932-4E4E-4A34-91A0-8844BA1966D5}.DLL Release|Win32.Build.0 = DLL Release|Win32
		{8F0D7932-4E4E-4A34-91A0-8844BA1966D5}.LIB ASM Debug|Win32.ActiveCfg = LIB ASM Debug|Win32
		{8F0D7932-4E4E-4A34-91A0-8844BA1966D5}.LIB ASM Debug|Win32.Build.0 = LIB ASM Debug|Win32
		{8F0D7932-4E4E-4A34-91A0-8844BA1966D5}.LIB ASM Release|Win32.ActiveCfg = LIB ASM Release|Win32
		{8F0D7932-4E4E-4A34-91A0-8844BA1966D5}.LIB ASM Release|Win32.Build.0 = LIB ASM Release|Win32
		{8F0D7932-4E4E-4A34-91A0-8844BA1966D5}.LIB Debug|Win32.ActiveCfg = LIB Debug|Win32
		{8F0D7932-4E4E-4A34-91A0-8844BA1966D5}.LIB Debug|Win32.Build.0 = LIB Debug|Win32
		{8F0D7932-4E4E-4A34-91A0-8844BA1966D5}.LIB Release|Win32.ActiveCfg = LIB Release|Win32
		{8F0D7932-4E4E-4A34-91A0-8844BA1966D5}.LIB Release|Win32.Build.0 = LIB Release|Win32
		{8F0D7932-4E4E-4A34-91A0-8844BA1966D5}.Release|Win32.ActiveCfg = LIB ASM Release|Win32
		{8F0D7932-4E4E-4A34-91A0-8844BA1966D5}.Release|Win32.Build.0 = LIB ASM Release|Win32
		{BEC0AEBB-4798-43A3-BED7-E07BCC372BD0}.Debug|Win32.ActiveCfg = Debug|Win32
		{BEC0AEBB-4798-43A3-BED7-E07BCC372BD0}.Debug|Win32.Build.0 = Debug|Win32
		{BEC0AEBB-4798-43A3-BED7-E07BCC372BD0}.DLL ASM Debug|Win32.ActiveCfg = Debug|Win32
		{BEC0AEBB-4798-43A3-BED7-E07BCC372BD0}.DLL ASM Debug|Win32.Build.0 = Debug|Win32
		{BEC0AEBB-4798-43A3-BED7-E07BCC372BD0}.DLL ASM Release|Win32.ActiveCfg = Release|Win32
		{BEC0AEBB-4798-43A3-BED7-E07BCC372BD0}.DLL ASM Release|Win32.Build.0 = Release|Win32
		{BEC0AEBB-4798-43A3-BED7-E07BCC372BD0}.DLL Debug|Win32.ActiveCfg = Debug|Win32
		{BEC0AEBB-4798-43A3-BED7-E07BCC372BD0}.DLL Debug|Win32.Build.0 = Debug|Win32
		{BEC0AEBB-4798-43A3-BED7-E07BCC372BD0}.DLL Release|Win32.ActiveCfg = Release|Win32
		{BEC0AEBB-4798-43A3-BED7-E07BCC372BD0}.DLL Release|Win32.Build.0 = Release|Win32
		{BEC0AEBB-4798-43A3-BED7-E07BCC372BD0}.LIB ASM Debug|Win32.ActiveCfg = Debug|Win32
		{BEC0AEBB-4798-43A3-BED7-E07BCC372BD0}.LIB ASM Debug|Win32.Build.0 = Debug|Win32
		{BEC0AEBB-4798-43A3-BED7-E07BCC372BD0}.LIB ASM Release|Win32.ActiveCfg = Release|Win32
		{BEC0AEBB-4798-43A3-BED7-E07BCC372BD0}.LIB ASM Release|Win32.Build.0 = Release|Win32
		{BEC0AEBB-4798-43A3-BED7-E07BCC372BD0}.LIB Debug|Win32.ActiveCfg = Debug|Win32
		{BEC0AEBB-4798-43A3-BED7-E07BCC372BD0}.LIB Debug|Win32.Build.0 = Debug|Win32
		{BEC0AEBB-4798-43A3-BED7-E07BCC372BD0}.LIB Release|Win32.ActiveCfg = Release|Win32
		{BEC0AEBB-4798-43A3-BED7-E07BCC372BD0}.LIB Release|Win32.Build.0 = Release|Win32
		{BEC0AEBB-4798-43A3-BED7-E07BCC372BD0}.Release|Win32.ActiveCfg = Release|Win32
		{BEC0AEBB-4798-43A3-BED7-E07BCC372BD0}.Release|Win32.Build.0 = Release|Win32
		{7182673F-E84C-466E-9A88-956229BC287D}.Debug|Win32.ActiveCfg = Debug|Win32
		{7182673F-E84C-466E-9A88-956229BC287D}.Debug|Win32.Build.0 = Debug|Win32
		{7182673F-E84C-466E-9A88-956229BC287D}.DLL ASM Debug|Win32.ActiveCfg = Debug|Win32
		{7182673F-E84C-466E-9A88-956229BC287D}.DLL ASM Debug|Win32.Build.0 = Debug|Win32
		{7182673F-E84C-466E-9A88-956229BC287D}.DLL ASM Release|Win32.ActiveCfg = Release|Win32
		{7182673F-E84C-466E-9A88-956229BC287D}.DLL ASM Release|Win32.Build.0 = Release|Win32
		{7182673F-E84C-466E-9A88-956229BC287D}.DLL Debug|Win32.ActiveCfg = Debug|Win32
		{7182673F-E84C-466E-9A88-956229BC287D}.DLL Debug|Win32.Build.0 = Debug|Win32
		{7182673F-E84C-466E-9A88-956229BC287D}.DLL Release|Win32.ActiveCfg = Release|Win32
		{7182673F-E84C-466E-9A88-956229BC287D}.DLL Release|Win32.Build.0 = Release|Win32
		{7182673F-E84C-466E-9A88-956229BC287D}.LIB ASM Debug|Win32.ActiveCfg = Debug|Win32
		{7182673F-E84C-466E-9A88-956229BC287D}.LIB ASM Debug|Win32.Build.0 = Debug|Win32
		{7182673F-E84C-466E-9A88-956229BC287D}.LIB ASM Release|Win32.ActiveCfg = Release|Win32
		{7182673F-E84C-466E-9A88-956229BC287D}.LIB ASM Release|Win32.Build.0 = Release|Win32
		{7182673F-E84C-466E-9A88-956229BC287D}.LIB Debug|Win32.ActiveCfg = Debug|Win32
		{7182673F-E84C-466E-9A88-956229BC287D}.LIB Debug|Win32.Build.0 = Debug|Win32
		{7182673F-E84C-466E-9A88-956229BC287D}.LIB Release|Win32.ActiveCfg = Release|Win32
		{7182673F-E84C-466E-9A88-956229BC287D}.LIB Release|Win32.Build.0 = Release|Win32
		{7182673F-E84C-466E-9A88-956229BC287D}.Release|Win32.ActiveCfg = Release|Win32
		{7182673F-E84C-466E-9A88-956229BC287D}.Release|Win32.Build.0 = Release|Win32
		{109C5B49-214E-4D44-A833-60DE1EDD824F}.Debug|Win32.ActiveCfg = Debug|Win32
		{109C5B49-214E-4D44-A833-60DE1EDD824F}.Debug|Win32.Build.0 = Debug|Win32
		{109C5B49-214E-4D44-A833-60DE1EDD824F}.DLL ASM Debug|Win32.ActiveCfg = Debug|Win32
		{109C5B49-214E-4D44-A833-60DE1EDD824F}.DLL ASM Debug|Win32.Build.0 = Debug|Win32
		{109C5B49-214E-4D44-A833-60DE1EDD824F}.DLL ASM Release|Win32.ActiveCfg = Release|Win32
		{109C5B49-214E-4D44-A833-60DE1EDD824F}.DLL ASM Release|Win32.Build.0 = Release|Win32
		{109C5B49-214E-4D44-A833-60DE1EDD824F}.DLL Debug|Win32.ActiveCfg = Debug|Win32
		{109C5B49-214E-4D44-A833-60DE1EDD824F}.DLL Debug|Win32.Build.0 = Debug|Win32
		{109C5B49-214E-4D44-A833-60DE1EDD824F}.DLL Release|Win32.ActiveCfg = Release|Win32
		{109C5B49-214E-4D44-A833-60DE1EDD824F}.DLL Release|Win32.Build.0 = Release|Win32
		{109C5B49-214E-4D44-A833-60DE1EDD824F}.LIB ASM Debug|Win32.ActiveCfg = Debug|Win32
		{109C5B49-214E-4D44-A833-60DE1EDD824F}.LIB ASM Debug|Win32.Build.0 = Debug|Win32
		{109C5B49-214E-4D44-A833-60DE1EDD824F}.LIB ASM Release|Win32.ActiveCfg = Release|Win32
		{109C5B49-214E-4D44-A833-60DE1EDD824F}.LIB ASM Release|Win32.Build.0 = Release|Win32
		{109C5B49-214E-4D44-A833-60DE1EDD824F}.LIB Debug|Win32.ActiveCfg = Debug|Win32
		{109C5B49-214E-4D44-A833-60DE1EDD824F}.LIB Debug|Win32.Build.0 = Debug|Win32
		{109C5B49-214E-4D44-A833-60DE1EDD824F}.LIB Release|Win32.ActiveCfg = Release|Win32
		{109C5B49-214E-4D44-A833-60DE1EDD824F}.LIB Release|Win32.Build.0 = Release|Win32
		{109C5B49-214E-4D44-A833-60DE1EDD824F}.Release|Win32.ActiveCfg = Release|Win32
		{109C5B49-214E-4D44-A833-60DE1EDD824F}.Release|Win32.Build.0 = Release|Win32
		{EB72B23A-C42B-474A-9582-CC7D4DDD2E8D}.Debug|Win32.ActiveCfg = Debug|Win32
		{EB72B23A-C42B-474A-9582-CC7D4DDD2E8D}.Debug|Win32.Build.0 = Debug|Win32
		{EB72B23A-C42B-474A-9582-CC7D4DDD2E8D}.DLL ASM Debug|Win32.ActiveCfg = Debug|Win32
		{EB72B23A-C42B-474A-9582-CC7D4DDD2E8D}.DLL ASM Debug|Win32.Build.0 = Debug|Win32
		{EB72B23A-C42B-474A-9582-CC7D4DDD2E8D}.DLL ASM Release|Win32.ActiveCfg = Release|Win32
		{EB72B23A-C42B-474A-9582-CC7D4DDD2E8D}.DLL ASM Release|Win32.Build.0 = Release|Win32
		{EB72B23A-C42B-474A-9582-CC7D4DDD2E8D}.DLL Debug|Win32.ActiveCfg = Debug|Win32
		{EB72B23A-C42B-474A-9582-CC7D4DDD2E8D}.DLL Debug|Win32.Build.0 = Debug|Win32
		{EB72B23A-C42B-474A-9582-CC7D4DDD2E8D}.DLL Release|Win32.ActiveCfg = Release|Win32
		{EB72B23A-C42B-474A-9582-CC7D4DDD2E8D}.DLL Release|Win32.Build.0 = Release|Win32
		{EB72B23A-C42B-474A-9582-CC7D4DDD2E8D}.LIB ASM Debug|Win32.ActiveCfg = Debug|Win32
		{EB72B23A-C42B-474A-9582-CC7D4DDD2E8D}.LIB ASM Debug|Win32.Build.0 = Debug|Win32
		{EB72B23A-C42B-474A-9582-CC7D4DDD2E8D}.LIB ASM Release|Win32.ActiveCfg = Release|Win32
		{EB72B23A-C42B-474A-9582-CC7D4DDD2E8D}.LIB ASM Release|Win32.Build.0 = Release|Win32
		{EB72B23A-C42B-474A-9582-CC7D4DDD2E8D}.LIB Debug|Win32.ActiveCfg = Debug|Win32
		{EB72B23A-C42B-474A-9582-CC7D4DDD2E8D}.LIB Debug|Win32.Build.0 = Debug|Win32
		{EB72B23A-C42B-474A-9582-CC7D4DDD2E8D}.LIB Release|Win32.ActiveCfg = Release|Win32
		{EB72B23A-C42B-474A-9582-CC7D4DDD2E8D}.LIB Release|Win32.Build.0 = Release|Win32
		{EB72B23A-C42B-474A-9582-CC7D4DDD2E8D}.Release|Win32.ActiveCfg = Release|Win32
		{EB72B23A-C42B-474A-9582-CC7D4DDD2E8D}.Release|Win32.Build.0 = Release|Win32
		{9B2AB94E-0D59-48C9-8D2B-6E087E0E8F9E}.Debug|Win32.ActiveCfg = Debug|Win32
		{9B2AB94E-0D59-48C9-8D2B-6E087E0E8F9E}.Debug|Win32.Build.0 = Debug|Win32
		{9B2AB94E-0D59-48C9-8D2B-6E087E0E8F9E}.DLL ASM Debug|Win32.ActiveCfg = Debug|Win32
		{9B2AB94E-0D59-48C9-8D2B-6E087E0E8F9E}.DLL ASM Debug|Win32.Build.0 = Debug|Win32
		{9B2AB94E-0D59-48C9-8D2B-6E087E0E8F9E}.DLL ASM Release|Win32.ActiveCfg = Release|Win32
		{9B2AB94E-0D59-48C9-8D2B-6E087E0E8F9E}.DLL ASM Release|Win32.Build.0 = Release|Win32
		{9B2AB94E-0D59-48C9-8D2B-6E087E0E8F9E}.DLL Debug|Win32.ActiveCfg = Debug|Win32
		{9B2AB94E-0D59-48C9-8D2B-6E087E0E8F9E}.DLL Debug|Win32.Build.0 = Debug|Win32
		{9B2AB94E-0D59-48C9-8D2B-6E087E0E8F9E}.DLL Release|Win32.ActiveCfg = Release|Win32
		{9B2AB94E-0D59-48C9-8D2B-6E087E0E8F9E}.DLL Release|Win32.Build.0 = Release|Win32
		{9B2AB94E-0D59-48C9-8D2B-6E087E0E8F9E}.LIB ASM Debug|Win32.ActiveCfg = Debug|Win32
		{9B2AB94E-0D59-48C9-8D2B-6E087E0E8F9E}.LIB ASM Debug|Win32.Build.0 = Debug|Win32
		{9B2AB94E-0D59-48C9-8D2B-6E087E0E8F9E}.LIB ASM Release|Win32.ActiveCfg = Release|Win32
		{9B2AB94E-0D59-48C9-8D2B-6E087E0E8F9E}.LIB ASM Release|Win32.Build.0 = Release|Win32
		{9B2AB94E-0D59-48C9-8D2B-6E087E0E8F9E}.LIB Debug|Win32.ActiveCfg = Debug|Win32
		{9B2AB94E-0D59-48C9-8D2B-6E087E0E8F9E}.LIB Debug|Win32.Build.0 = Debug|Win32
		{9B2AB94E-0D59-48C9-8D2B-6E087E0E8F9E}.LIB Release|Win32.ActiveCfg = Release|Win32
		{9B2AB94E-0D59-48C9-8D2B-6E087E0E8F9E}.LIB Release|Win32.Build.0 = Release|Win32
		{9B2AB94E-0D59-48C9-8D2B-6E087E0E8F9E}.Release|Win32.ActiveCfg = Release|Win32
		{9B2AB94E-0D59-48C9-8D2B-6E087E0E8F9E}.Release|Win32.Build.0 = Release|Win32
		{1C44E7E3-0D58-4464-96FB-7741C61971E8}.Debug|Win32.ActiveCfg = Debug|Win32
		{1C44E7E3-0D58-4464-96FB-7741C61971E8}.Debug|Win32.Build.0 = Debug|Win32
		{1C44E7E3-0D58-4464-96FB-7741C61971E8}.DLL ASM Debug|Win32.ActiveCfg = Debug|Win32
		{1C44E7E3-0D58-4464-96FB-7741C61971E8}.DLL ASM Debug|Win32.Build.0 = Debug|Win32
		{1C44E7E3-0D58-4464-96FB-7741C61971E8}.DLL ASM Release|Win32.ActiveCfg = Release|Win32
		{1C44E7E3-0D58-4464-96FB-7741C61971E8}.DLL ASM Release|Win32.Build.0 = Release|Win32
		{1C44E7E3-0D58-4464-96FB-7741C61971E8}.DLL Debug|Win32.ActiveCfg = Debug|Win32
		{1C44E7E3-0D58-4464-96FB-7741C61971E8}.DLL Debug|Win32.Build.0 = Debug|Win32
		{1C44E7E3-0D58-4464-96FB-7741C61971E8}.DLL Release|Win32.ActiveCfg = Release|Win32
		{1C44E7E3-0D58-4464-96FB-7741C61971E8}.DLL Release|Win32.Build.0 = Release|Win32
		{1C44E7E3-0D58-4464-96FB-7741C61971E8}.LIB ASM Debug|Win32.ActiveCfg = Debug|Win32
		{1C44E7E3-0D58-4464-96FB-7741C61971E8}.LIB ASM Debug|Win32.Build.0 = Debug|Win32
		{1C44E7E3-0D58-4464-96FB-7741C61971E8}.LIB ASM Release|Win32.ActiveCfg = Release|Win32
		{1C44E7E3-0D58-4464-96FB-7741C61971E8}.LIB ASM Release|Win32.Build.0 = Release|Win32
		{1C44E7E3-0D58-4464-96FB-7741C61971E8}.LIB Debug|Win32.ActiveCfg = Debug|Win32
		{1C44E7E3-0D58-4464-96FB-7741C61971E8}.LIB Debug|Win32.Build.0 = Debug|Win32
		{1C44E7E3-0D58-4464-96FB-7741C61971E8}.LIB Release|Win32.ActiveCfg = Release|Win32
		{1C44E7E3-0D58-4464-96FB-7741C61971E8}.LIB Release|Win32.Build.0 = Release|Win32
		{1C44E7E3-0D58-4464-96FB-7741C61971E8}.Release|Win32.ActiveCfg = Release|Win32
		{1C44E7E3-0D58-4464-96FB-7741C61971E8}.Release|Win32.Build.0 = Release|Win32
		{51A47A6C-02EB-4F0D-8905-0513B419ADC4}.Debug|Win32.ActiveCfg = Debug|Win32
		{51A47A6C-02EB-4F0D-8905-0513B419ADC4}.Debug|Win32.Build.0 = Debug|Win32
		{51A47A6C-02EB-4F0D-8905-0513B419ADC4}.DLL ASM Debug|Win32.ActiveCfg = Debug|Win32
		{51A47A6C-02EB-4F0D-8905-0513B419ADC4}.DLL ASM Debug|Win32.Build.0 = Debug|Win32
		{51A47A6C-02EB-4F0D-8905-0513B419ADC4}.DLL ASM Release|Win32.ActiveCfg = Release|Win32
		{51A47A6C-02EB-4F0D-8905-0513B419ADC4}.DLL ASM Release|Win32.Build.0 = Release|Win32
		{51A47A6C-02EB-4F0D-8905-0513B419ADC4}.DLL Debug|Win32.ActiveCfg = Debug|Win32
		{51A47A6C-02EB-4F0D-8905-0513B419ADC4}.DLL Debug|Win32.Build.0 = Debug|Win32
		{51A47A6C-02EB-4F0D-8905-0513B419ADC4}.DLL Release|Win32.ActiveCfg = Release|Win32
		{51A47A6C-02EB-4F0D-8905-0513B419ADC4}.DLL Release|Win32.Build.0 = Release|Win32
		{51A47A6C-02EB-4F0D-8905-0513B419ADC4}.LIB ASM Debug|Win32.ActiveCfg = Debug|Win32
		{51A47A6C-02EB-4F0D-8905-0513B419ADC4}.LIB ASM Debug|Win32.Build.0 = Debug|Win32
		{51A47A6C-02EB-4F0D-8905-0513B419ADC4}.LIB ASM Release|Win32.ActiveCfg = Release|Win32
		{51A47A6C-02EB-4F0D-8905-0513B419ADC4}.LIB ASM Release|Win32.Build.0 = Release|Win32
		{51A47A6C-02EB-4F0D-8905-0513B419ADC4}.LIB Debug|Win32.ActiveCfg = Debug|Win32
		{51A47A6C-02EB-4F0D-8905-0513B419ADC4}.LIB Debug|Win32.Build.0 = Debug|Win32
		{51A47A6C-02EB-4F0D-8905-0513B419ADC4}.LIB Release|Win32.ActiveCfg = Release|Win32
		{51A47A6C-02EB-4F0D-8905-0513B419ADC4}.LIB Release|Win32.Build.0 = Release|Win32
		{51A47A6C-02EB-4F0D-8905-0513B419ADC4}.Release|Win32.ActiveCfg = Release|Win32
		{51A47A6C-02EB-4F0D-8905-0513B419ADC4}.Release|Win32.Build.0 = Release|Win32
		{C7962AC4-A99A-456E-B69E-9332B0560AFF}.Debug|Win32.ActiveCfg = Debug|Win32
		{C7962AC4-A99A-456E-B69E-9332B0560AFF}.Debug|Win32.Build.0 = Debug|Win32
		{C7962AC4-A99A-456E-B69E-9332B0560AFF}.DLL ASM Debug|Win32.ActiveCfg = Debug|Win32
		{C7962AC4-A99A-456E-B69E-9332B0560AFF}.DLL ASM Debug|Win32.Build.0 = Debug|Win32
		{C7962AC4-A99A-456E-B69E-9332B0560AFF}.DLL ASM Release|Win32.ActiveCfg = Release|Win32
		{C7962AC4-A99A-456E-B69E-9332B0560AFF}.DLL ASM Release|Win32.Build.0 = Release|Win32
		{C7962AC4-A99A-456E-B69E-9332B0560AFF}.DLL Debug|Win32.ActiveCfg = Debug|Win32
		{C7962AC4-A99A-456E-B69E-9332B0560AFF}.DLL Debug|Win32.Build.0 = Debug|Win32
		{C7962AC4-A99A-456E-B69E-9332B0560AFF}.DLL Release|Win32.ActiveCfg = Release|Win32
		{C7962AC4-A99A-456E-B69E-9332B0560AFF}.DLL Release|Win32.Build.0 = Release|Win32
		{C7962AC4-A99A-456E-B69E-9332B0560AFF}.LIB ASM Debug|Win32.ActiveCfg = Debug|Win32
		{C7962AC4-A99A-456E-B69E-9332B0560AFF}.LIB ASM Debug|Win32.Build.0 = Debug|Win32
		{C7962AC4-A99A-456E-B69E-9332B0560AFF}.LIB ASM Release|Win32.ActiveCfg = Release|Win32
		{C7962AC4-A99A-456E-B69E-9332B0560AFF}.LIB ASM Release|Win32.Build.0 = Release|Win32
		{C7962AC4-A99A-456E-B69E-9332B0560AFF}.LIB Debug|Win32.ActiveCfg = Debug|Win32
		{C7962AC4-A99A-456E-B69E-9332B0560AFF}.LIB Debug|Win32.Build.0 = Debug|Win32
		{C7962AC4-A99A-456E-B69E-9332B0560AFF}.LIB Release|Win32.ActiveCfg = Release|Win32
		{C7962AC4-A99A-456E-B69E-9332B0560AFF}.LIB Release|Win32.Build.0 = Release|Win32
		{C7962AC4-A99A-456E-B69E-9332B0560AFF}.Release|Win32.ActiveCfg = Release|Win32
		{C7962AC4-A99A-456E-B69E-9332B0560AFF}.Release|Win32.Build.0 = Release|Win32
		{3A9E8B28-4553-44C2-8B1F-E5A4713031F6}.Debug|Win32.ActiveCfg = Debug|Win32
		{3A9E8B28-4553-44C2-8B1F-E5A4713031F6}.Debug|Win32.Build.0 = Debug|Win32
		{3A9E8B28-4553-44C2-8B1F-E5A4713031F6}.DLL ASM Debug|Win32.ActiveCfg = Debug|Win32
		{3A9E8B28-4553-44C2-8B1F-E5A4713031F6}.DLL ASM Debug|Win32.Build.0 = Debug|Win32
		{3A9E8B28-4553-44C2-8B1F-E5A4713031F6}.DLL ASM Release|Win32.ActiveCfg = Release|Win32
		{3A9E8B28-4553-44C2-8B1F-E5A4713031F6}.DLL ASM Release|Win32.Build.0 = Release|Win32
		{3A9E8B28-4553-44C2-8B1F-E5A4713031F6}.DLL Debug|Win32.ActiveCfg = Debug|Win32
		{3A9E8B28-4553-44C2-8B1F-E5A4713031F6}.DLL Debug|Win32.Build.0 = Debug|Win32
		{3A9E8B28-4553-44C2-8B1F-E5A4713031F6}.DLL Release|Win32.ActiveCfg = Release|Win32
		{3A9E8B28-4553-44C2-8B1F-E5A4713031F6}.DLL Release|Win32.Build.0 = Release|Win32
		{3A9E8B28-4553-44C2-8B1F-E5A4713031F6}.LIB ASM Debug|Win32.ActiveCfg = Debug|Win32
		{3A9E8B28-4553-44C2-8B1F-E5A4713031F6}.LIB ASM Debug|Win32.Build.0 = Debug|Win32
		{3A9E8B28-4553-44C2-8B1F-E5A4713031F6}.LIB ASM Release|Win32.ActiveCfg = Release|Win32
		{3A9E8B28-4553-44C2-8B1F-E5A4713031F6}.LIB ASM Release|Win32.Build.0 = Release|Win32
		{3A9E8B28-4553-44C2-8B1F-E5A4713031F6}.LIB Debug|Win32.ActiveCfg = Debug|Win32
		{3A9E8B28-4553-44C2-8B1F-E5A4713031F6}.LIB Debug|Win32.Build.0 = Debug|Win32
		{3A9E8B28-4553-44C2-8B1F-E5A4713031F6}.LIB Release|Win32.ActiveCfg = Release|Win32
		{3A9E8B28-4553-44C2-8B1F-E5A4713031F6}.LIB Release|Win32.Build.0 = Release|Win32
		{3A9E8B28-4553-44C2-8B1F-E5A4713031F6}.Release|Win32.ActiveCfg = Release|Win32
		{3A9E8B28-4553-44C2-8B1F-E5A4713031F6}.Release|Win32.Build.0 = Release|Win32
		{868AE103-4D6D-4404-A5B1-299B22F7DFA6}.Debug|Win32.ActiveCfg = Debug|Win32
		{868AE103-4D6D-4404-A5B1-299B22F7DFA6}.Debug|Win32.Build.0 = Debug|Win32
		{868AE103-4D6D-4404-A5B1-299B22F7DFA6}.DLL ASM Debug|Win32.ActiveCfg = Debug|Win32
		{868AE103-4D6D-4404-A5B1-299B22F7DFA6}.DLL ASM Debug|Win32.Build.0 = Debug|Win32
		{868AE103-4D6D-4404-A5B1-299B22F7DFA6}.DLL ASM Release|Win32.ActiveCfg = Release|Win32
		{868AE103-4D6D-4404-A5B1-299B22F7DFA6}.DLL ASM Release|Win32.Build.0 = Release|Win32
		{868AE103-4D6D-4404-A5B1-299B22F7DFA6}.DLL Debug|Win32.ActiveCfg = Debug|Win32
		{868AE103-4D6D-4404-A5B1-299B22F7DFA6}.DLL Debug|Win32.Build.0 = Debug|Win32
		{868AE103-4D6D-4404-A5B1-299B22F7DFA6}.DLL Release|Win32.ActiveCfg = Release|Win32
		{868AE103-4D6D-4404-A5B1-299B22F7DFA6}.DLL Release|Win32.Build.0 = Release|Win32
		{868AE103-4D6D-4404-A5B1-299B22F7DFA6}.LIB ASM Debug|Win32.ActiveCfg = Debug|Win32
		{868AE103-4D6D-4404-A5B1-299B22F7DFA6}.LIB ASM Debug|Win32.Build.0 = Debug|Win32
		{868AE103-4D6D-4404-A5B1-299B22F7DFA6}.LIB ASM Release|Win32.ActiveCfg = Release|Win32
		{868AE103-4D6D-4404-A5B1-299B22F7DFA6}.LIB ASM Release|Win32.Build.0 = Release|Win32
		{868AE103-4D6D-4404-A5B1-299B22F7DFA6}.LIB Debug|Win32.ActiveCfg = Debug|Win32
		{868AE103-4D6D-4404-A5B1-299B22F7DFA6}.LIB Debug|Win32.Build.0 = Debug|Win32
		{868AE103-4D6D-4404-A5B1-299B22F7DFA6}.LIB Release|Win32.ActiveCfg = Release|Win32
		{868AE103-4D6D-4404-A5B1-299B22F7DFA6}.LIB Release|Win32.Build.0 = Release|Win32
		{868AE103-4D6D-4404-A5B1-299B22F7DFA6}.Release|Win32.ActiveCfg = Release|Win32
		{868AE103-4D6D-4404-A5B1-299B22F7DFA6}.Release|Win32.Build.0 = Release|Win32
	EndGlobalSection
	GlobalSection(SolutionProperties) = preSolution
		HideSolutionNode = FALSE
	EndGlobalSection
	GlobalSection(NestedProjects) = preSolution
		{ED964EAB-86BC-4568-B3DE-66686C81BFF7} = {1E46234A-F39F-4C76-81DD-82FCC7CE0104}
		{C7962AC4-A99A-456E-B69E-9332B0560AFF} = {D1E63A6D-B7B6-4017-ACFF-B4A9C22213A0}
		{F37DAB12-87E1-45F7-A062-B7EE197EB62E} = {E26B91B3-B832-419F-866A-364655EE3F37}
		{251262CA-CCBB-4298-8214-4CAB8B0971FE} = {55BEFA6A-5625-4CDD-8C09-EFA11284EF7B}
		{9AC603DE-B316-4666-BF80-DE8BB031AF31} = {55BEFA6A-5625-4CDD-8C09-EFA11284EF7B}
		{DFFECD1D-921F-452B-BCBE-144452A48A1C} = {55BEFA6A-5625-4CDD-8C09-EFA11284EF7B}
		{3A9E8B28-4553-44C2-8B1F-E5A4713031F6} = {91CF819A-0490-48C6-A80E-EC11958755B1}
		{8F0D7932-4E4E-4A34-91A0-8844BA1966D5} = {EC8526B2-B4A5-4BB3-90D2-D885E8A81AEA}
		{D0B6FB84-5B67-451C-B095-CB1F80A27139} = {B42C11CF-86D3-46C0-BDBF-C5319F78340B}
		{797E3E71-E91F-42EF-A89E-B43D1D839114} = {B42C11CF-86D3-46C0-BDBF-C5319F78340B}
		{BEC0AEBB-4798-43A3-BED7-E07BCC372BD0} = {D0B6FB84-5B67-451C-B095-CB1F80A27139}
		{9B2AB94E-0D59-48C9-8D2B-6E087E0E8F9E} = {D0B6FB84-5B67-451C-B095-CB1F80A27139}
		{1C44E7E3-0D58-4464-96FB-7741C61971E8} = {D0B6FB84-5B67-451C-B095-CB1F80A27139}
		{7182673F-E84C-466E-9A88-956229BC287D} = {797E3E71-E91F-42EF-A89E-B43D1D839114}
		{109C5B49-214E-4D44-A833-60DE1EDD824F} = {797E3E71-E91F-42EF-A89E-B43D1D839114}
		{51A47A6C-02EB-4F0D-8905-0513B419ADC4} = {797E3E71-E91F-42EF-A89E-B43D1D839114}
		{EB72B23A-C42B-474A-9582-CC7D4DDD2E8D} = {2C14C0F8-E7A6-4049-8099-11F877A6B50E}
		{868AE103-4D6D-4404-A5B1-299B22F7DFA6} = {97F94A6E-2966-4155-A3FB-C315637DBBE0}
	EndGlobalSection
EndGlobal
