
Microsoft Visual Studio Solution File, Format Version 11.00
# Visual Studio 2010
Project("{2150E333-8FDC-42A3-9474-1A3956D46DE8}") = "Client", "Client", "{F4FD6E6F-F516-4251-8274-BC92C9C7EBFB}"
EndProject
Project("{2150E333-8FDC-42A3-9474-1A3956D46DE8}") = "Lib", "Lib", "{E61BF984-2D5E-414C-B857-089729B56185}"
EndProject
Project("{2150E333-8FDC-42A3-9474-1A3956D46DE8}") = "ZnZin", "ZnZin", "{E456F64B-6B25-41DE-9112-CA12B40F3E9D}"
EndProject
Project("{2150E333-8FDC-42A3-9474-1A3956D46DE8}") = "DLL's", "DLL's", "{103B8499-A827-453B-A58A-CEC210F6785D}"
EndProject
Project("{8BC9CEB8-8B4A-11D0-8D11-00A0C91BC942}") = "LIB_Util", "Server\Util\LIB_Util.vcxproj", "{B4DDE42E-8878-441E-87AE-62B2F0E5A9CF}"
EndProject
Project("{8BC9CEB8-8B4A-11D0-8D11-00A0C91BC942}") = "TGameCtrl", "TGameCtrl\TGameCtrl.vcxproj", "{25FC645B-A461-4FDD-848A-4F7C5522313A}"
EndProject
Project("{8BC9CEB8-8B4A-11D0-8D11-00A0C91BC942}") = "TriggerInfo", "TOOLS\TriggerInfo\TriggerInfo.vcxproj", "{DE7958CD-934E-4AF9-8A22-CCE329B364FB}"
EndProject
Project("{8BC9CEB8-8B4A-11D0-8D11-00A0C91BC942}") = "znzin", "Engine\build\msvc71\znzin\znzin.vcxproj", "{423F6727-70C6-4D7A-97BA-97C72FBC169B}"
	ProjectSection(ProjectDependencies) = postProject
		{3D8FB37B-21F3-4DEF-9B78-6FE270C73494} = {3D8FB37B-21F3-4DEF-9B78-6FE270C73494}
	EndProjectSection
EndProject
Project("{8BC9CEB8-8B4A-11D0-8D11-00A0C91BC942}") = "Client", "Client\Client.vcxproj", "{98F25AF9-BDDD-462D-9514-9A18FE2E2692}"
	ProjectSection(ProjectDependencies) = postProject
		{3D8FB37B-21F3-4DEF-9B78-6FE270C73494} = {3D8FB37B-21F3-4DEF-9B78-6FE270C73494}
	EndProjectSection
EndProject
Project("{8BC9CEB8-8B4A-11D0-8D11-00A0C91BC942}") = "RoseOnline", "TOOLS\RoseOnline\RoseOnline.vcxproj", "{97F76F57-DA13-49E7-AD8D-3D0DB1C5089F}"
EndProject
Project("{8BC9CEB8-8B4A-11D0-8D11-00A0C91BC942}") = "TriggerVFS", "TOOLS\TriggerVFS\TriggerVFS.vcxproj", "{3D8FB37B-21F3-4DEF-9B78-6FE270C73494}"
EndProject
Global
	GlobalSection(SolutionConfigurationPlatforms) = preSolution
		debug_release|Win32 = debug_release|Win32
		Debug|Win32 = Debug|Win32
		Debug-Server|Win32 = Debug-Server|Win32
		ID_Debug|Win32 = ID_Debug|Win32
		ID_Release|Win32 = ID_Release|Win32
		libdebug|Win32 = libdebug|Win32
		librelease|Win32 = librelease|Win32
		max6release|Win32 = max6release|Win32
		max9hybrid|Win32 = max9hybrid|Win32
		MY_Debug|Win32 = MY_Debug|Win32
		MY_Release|Win32 = MY_Release|Win32
		MyInfo|Win32 = MyInfo|Win32
		MyLib|Win32 = MyLib|Win32
		MyOwnRose|Win32 = MyOwnRose|Win32
		MyRose|Win32 = MyRose|Win32
		MyRoseOnline|Win32 = MyRoseOnline|Win32
		MyTgame|Win32 = MyTgame|Win32
		MyVFS|Win32 = MyVFS|Win32
		MyZnZin|Win32 = MyZnZin|Win32
		Release|Win32 = Release|Win32
		Release-Server|Win32 = Release-Server|Win32
		ZZ_Debug|Win32 = ZZ_Debug|Win32
		ZZ_Release|Win32 = ZZ_Release|Win32
	EndGlobalSection
	GlobalSection(ProjectConfigurationPlatforms) = postSolution
		{B4DDE42E-8878-441E-87AE-62B2F0E5A9CF}.debug_release|Win32.ActiveCfg = Debug-Server|Win32
		{B4DDE42E-8878-441E-87AE-62B2F0E5A9CF}.debug_release|Win32.Build.0 = Debug-Server|Win32
		{B4DDE42E-8878-441E-87AE-62B2F0E5A9CF}.Debug|Win32.ActiveCfg = Debug|Win32
		{B4DDE42E-8878-441E-87AE-62B2F0E5A9CF}.Debug|Win32.Build.0 = Debug|Win32
		{B4DDE42E-8878-441E-87AE-62B2F0E5A9CF}.Debug-Server|Win32.ActiveCfg = Debug-Server|Win32
		{B4DDE42E-8878-441E-87AE-62B2F0E5A9CF}.Debug-Server|Win32.Build.0 = Debug-Server|Win32
		{B4DDE42E-8878-441E-87AE-62B2F0E5A9CF}.ID_Debug|Win32.ActiveCfg = Debug|Win32
		{B4DDE42E-8878-441E-87AE-62B2F0E5A9CF}.ID_Debug|Win32.Build.0 = Debug|Win32
		{B4DDE42E-8878-441E-87AE-62B2F0E5A9CF}.ID_Release|Win32.ActiveCfg = Release|Win32
		{B4DDE42E-8878-441E-87AE-62B2F0E5A9CF}.ID_Release|Win32.Build.0 = Release|Win32
		{B4DDE42E-8878-441E-87AE-62B2F0E5A9CF}.libdebug|Win32.ActiveCfg = Release-Server|Win32
		{B4DDE42E-8878-441E-87AE-62B2F0E5A9CF}.libdebug|Win32.Build.0 = Release-Server|Win32
		{B4DDE42E-8878-441E-87AE-62B2F0E5A9CF}.librelease|Win32.ActiveCfg = Release-Server|Win32
		{B4DDE42E-8878-441E-87AE-62B2F0E5A9CF}.librelease|Win32.Build.0 = Release-Server|Win32
		{B4DDE42E-8878-441E-87AE-62B2F0E5A9CF}.max6release|Win32.ActiveCfg = Release-Server|Win32
		{B4DDE42E-8878-441E-87AE-62B2F0E5A9CF}.max6release|Win32.Build.0 = Release-Server|Win32
		{B4DDE42E-8878-441E-87AE-62B2F0E5A9CF}.max9hybrid|Win32.ActiveCfg = Release-Server|Win32
		{B4DDE42E-8878-441E-87AE-62B2F0E5A9CF}.max9hybrid|Win32.Build.0 = Release-Server|Win32
		{B4DDE42E-8878-441E-87AE-62B2F0E5A9CF}.MY_Debug|Win32.ActiveCfg = Debug|Win32
		{B4DDE42E-8878-441E-87AE-62B2F0E5A9CF}.MY_Debug|Win32.Build.0 = Debug|Win32
		{B4DDE42E-8878-441E-87AE-62B2F0E5A9CF}.MY_Release|Win32.ActiveCfg = Release|Win32
		{B4DDE42E-8878-441E-87AE-62B2F0E5A9CF}.MY_Release|Win32.Build.0 = Release|Win32
		{B4DDE42E-8878-441E-87AE-62B2F0E5A9CF}.MyInfo|Win32.ActiveCfg = MyRose|Win32
		{B4DDE42E-8878-441E-87AE-62B2F0E5A9CF}.MyInfo|Win32.Build.0 = MyRose|Win32
		{B4DDE42E-8878-441E-87AE-62B2F0E5A9CF}.MyLib|Win32.ActiveCfg = MyLib|Win32
		{B4DDE42E-8878-441E-87AE-62B2F0E5A9CF}.MyLib|Win32.Build.0 = MyLib|Win32
		{B4DDE42E-8878-441E-87AE-62B2F0E5A9CF}.MyOwnRose|Win32.ActiveCfg = Debug|Win32
		{B4DDE42E-8878-441E-87AE-62B2F0E5A9CF}.MyOwnRose|Win32.Build.0 = Debug|Win32
		{B4DDE42E-8878-441E-87AE-62B2F0E5A9CF}.MyRose|Win32.ActiveCfg = Debug|Win32
		{B4DDE42E-8878-441E-87AE-62B2F0E5A9CF}.MyRose|Win32.Build.0 = Debug|Win32
		{B4DDE42E-8878-441E-87AE-62B2F0E5A9CF}.MyRoseOnline|Win32.ActiveCfg = Debug|Win32
		{B4DDE42E-8878-441E-87AE-62B2F0E5A9CF}.MyRoseOnline|Win32.Build.0 = Debug|Win32
		{B4DDE42E-8878-441E-87AE-62B2F0E5A9CF}.MyTgame|Win32.ActiveCfg = MyRose|Win32
		{B4DDE42E-8878-441E-87AE-62B2F0E5A9CF}.MyTgame|Win32.Build.0 = MyRose|Win32
		{B4DDE42E-8878-441E-87AE-62B2F0E5A9CF}.MyVFS|Win32.ActiveCfg = MyRose|Win32
		{B4DDE42E-8878-441E-87AE-62B2F0E5A9CF}.MyVFS|Win32.Build.0 = MyRose|Win32
		{B4DDE42E-8878-441E-87AE-62B2F0E5A9CF}.MyZnZin|Win32.ActiveCfg = MyRose|Win32
		{B4DDE42E-8878-441E-87AE-62B2F0E5A9CF}.MyZnZin|Win32.Build.0 = MyRose|Win32
		{B4DDE42E-8878-441E-87AE-62B2F0E5A9CF}.Release|Win32.ActiveCfg = Release|Win32
		{B4DDE42E-8878-441E-87AE-62B2F0E5A9CF}.Release|Win32.Build.0 = Release|Win32
		{B4DDE42E-8878-441E-87AE-62B2F0E5A9CF}.Release-Server|Win32.ActiveCfg = Release-Server|Win32
		{B4DDE42E-8878-441E-87AE-62B2F0E5A9CF}.Release-Server|Win32.Build.0 = Release-Server|Win32
		{B4DDE42E-8878-441E-87AE-62B2F0E5A9CF}.ZZ_Debug|Win32.ActiveCfg = Debug|Win32
		{B4DDE42E-8878-441E-87AE-62B2F0E5A9CF}.ZZ_Debug|Win32.Build.0 = Debug|Win32
		{B4DDE42E-8878-441E-87AE-62B2F0E5A9CF}.ZZ_Release|Win32.ActiveCfg = Release|Win32
		{B4DDE42E-8878-441E-87AE-62B2F0E5A9CF}.ZZ_Release|Win32.Build.0 = Release|Win32
		{25FC645B-A461-4FDD-848A-4F7C5522313A}.debug_release|Win32.ActiveCfg = Debug|Win32
		{25FC645B-A461-4FDD-848A-4F7C5522313A}.debug_release|Win32.Build.0 = Debug|Win32
		{25FC645B-A461-4FDD-848A-4F7C5522313A}.Debug|Win32.ActiveCfg = Debug|Win32
		{25FC645B-A461-4FDD-848A-4F7C5522313A}.Debug|Win32.Build.0 = Debug|Win32
		{25FC645B-A461-4FDD-848A-4F7C5522313A}.Debug-Server|Win32.ActiveCfg = Debug|Win32
		{25FC645B-A461-4FDD-848A-4F7C5522313A}.Debug-Server|Win32.Build.0 = Debug|Win32
		{25FC645B-A461-4FDD-848A-4F7C5522313A}.ID_Debug|Win32.ActiveCfg = Debug|Win32
		{25FC645B-A461-4FDD-848A-4F7C5522313A}.ID_Debug|Win32.Build.0 = Debug|Win32
		{25FC645B-A461-4FDD-848A-4F7C5522313A}.ID_Release|Win32.ActiveCfg = Release|Win32
		{25FC645B-A461-4FDD-848A-4F7C5522313A}.ID_Release|Win32.Build.0 = Release|Win32
		{25FC645B-A461-4FDD-848A-4F7C5522313A}.libdebug|Win32.ActiveCfg = Release|Win32
		{25FC645B-A461-4FDD-848A-4F7C5522313A}.libdebug|Win32.Build.0 = Release|Win32
		{25FC645B-A461-4FDD-848A-4F7C5522313A}.librelease|Win32.ActiveCfg = Release|Win32
		{25FC645B-A461-4FDD-848A-4F7C5522313A}.librelease|Win32.Build.0 = Release|Win32
		{25FC645B-A461-4FDD-848A-4F7C5522313A}.max6release|Win32.ActiveCfg = Release|Win32
		{25FC645B-A461-4FDD-848A-4F7C5522313A}.max6release|Win32.Build.0 = Release|Win32
		{25FC645B-A461-4FDD-848A-4F7C5522313A}.max9hybrid|Win32.ActiveCfg = Release|Win32
		{25FC645B-A461-4FDD-848A-4F7C5522313A}.max9hybrid|Win32.Build.0 = Release|Win32
		{25FC645B-A461-4FDD-848A-4F7C5522313A}.MY_Debug|Win32.ActiveCfg = Debug|Win32
		{25FC645B-A461-4FDD-848A-4F7C5522313A}.MY_Debug|Win32.Build.0 = Debug|Win32
		{25FC645B-A461-4FDD-848A-4F7C5522313A}.MY_Release|Win32.ActiveCfg = Release|Win32
		{25FC645B-A461-4FDD-848A-4F7C5522313A}.MY_Release|Win32.Build.0 = Release|Win32
		{25FC645B-A461-4FDD-848A-4F7C5522313A}.MyInfo|Win32.ActiveCfg = MyRose|Win32
		{25FC645B-A461-4FDD-848A-4F7C5522313A}.MyInfo|Win32.Build.0 = MyRose|Win32
		{25FC645B-A461-4FDD-848A-4F7C5522313A}.MyLib|Win32.ActiveCfg = MyTgame|Win32
		{25FC645B-A461-4FDD-848A-4F7C5522313A}.MyLib|Win32.Build.0 = MyTgame|Win32
		{25FC645B-A461-4FDD-848A-4F7C5522313A}.MyOwnRose|Win32.ActiveCfg = Debug|Win32
		{25FC645B-A461-4FDD-848A-4F7C5522313A}.MyOwnRose|Win32.Build.0 = Debug|Win32
		{25FC645B-A461-4FDD-848A-4F7C5522313A}.MyRose|Win32.ActiveCfg = MyRose|Win32
		{25FC645B-A461-4FDD-848A-4F7C5522313A}.MyRose|Win32.Build.0 = MyRose|Win32
		{25FC645B-A461-4FDD-848A-4F7C5522313A}.MyRoseOnline|Win32.ActiveCfg = Debug|Win32
		{25FC645B-A461-4FDD-848A-4F7C5522313A}.MyRoseOnline|Win32.Build.0 = Debug|Win32
		{25FC645B-A461-4FDD-848A-4F7C5522313A}.MyTgame|Win32.ActiveCfg = MyTgame|Win32
		{25FC645B-A461-4FDD-848A-4F7C5522313A}.MyTgame|Win32.Build.0 = MyTgame|Win32
		{25FC645B-A461-4FDD-848A-4F7C5522313A}.MyVFS|Win32.ActiveCfg = MyRose|Win32
		{25FC645B-A461-4FDD-848A-4F7C5522313A}.MyVFS|Win32.Build.0 = MyRose|Win32
		{25FC645B-A461-4FDD-848A-4F7C5522313A}.MyZnZin|Win32.ActiveCfg = MyRose|Win32
		{25FC645B-A461-4FDD-848A-4F7C5522313A}.MyZnZin|Win32.Build.0 = MyRose|Win32
		{25FC645B-A461-4FDD-848A-4F7C5522313A}.Release|Win32.ActiveCfg = Release|Win32
		{25FC645B-A461-4FDD-848A-4F7C5522313A}.Release|Win32.Build.0 = Release|Win32
		{25FC645B-A461-4FDD-848A-4F7C5522313A}.Release-Server|Win32.ActiveCfg = Release|Win32
		{25FC645B-A461-4FDD-848A-4F7C5522313A}.Release-Server|Win32.Build.0 = Release|Win32
		{25FC645B-A461-4FDD-848A-4F7C5522313A}.ZZ_Debug|Win32.ActiveCfg = Debug|Win32
		{25FC645B-A461-4FDD-848A-4F7C5522313A}.ZZ_Debug|Win32.Build.0 = Debug|Win32
		{25FC645B-A461-4FDD-848A-4F7C5522313A}.ZZ_Release|Win32.ActiveCfg = Release|Win32
		{25FC645B-A461-4FDD-848A-4F7C5522313A}.ZZ_Release|Win32.Build.0 = Release|Win32
		{DE7958CD-934E-4AF9-8A22-CCE329B364FB}.debug_release|Win32.ActiveCfg = Debug|Win32
		{DE7958CD-934E-4AF9-8A22-CCE329B364FB}.debug_release|Win32.Build.0 = Debug|Win32
		{DE7958CD-934E-4AF9-8A22-CCE329B364FB}.Debug|Win32.ActiveCfg = Debug|Win32
		{DE7958CD-934E-4AF9-8A22-CCE329B364FB}.Debug|Win32.Build.0 = Debug|Win32
		{DE7958CD-934E-4AF9-8A22-CCE329B364FB}.Debug-Server|Win32.ActiveCfg = Debug|Win32
		{DE7958CD-934E-4AF9-8A22-CCE329B364FB}.Debug-Server|Win32.Build.0 = Debug|Win32
		{DE7958CD-934E-4AF9-8A22-CCE329B364FB}.ID_Debug|Win32.ActiveCfg = Debug|Win32
		{DE7958CD-934E-4AF9-8A22-CCE329B364FB}.ID_Debug|Win32.Build.0 = Debug|Win32
		{DE7958CD-934E-4AF9-8A22-CCE329B364FB}.ID_Release|Win32.ActiveCfg = Release|Win32
		{DE7958CD-934E-4AF9-8A22-CCE329B364FB}.ID_Release|Win32.Build.0 = Release|Win32
		{DE7958CD-934E-4AF9-8A22-CCE329B364FB}.libdebug|Win32.ActiveCfg = Release|Win32
		{DE7958CD-934E-4AF9-8A22-CCE329B364FB}.libdebug|Win32.Build.0 = Release|Win32
		{DE7958CD-934E-4AF9-8A22-CCE329B364FB}.librelease|Win32.ActiveCfg = Release|Win32
		{DE7958CD-934E-4AF9-8A22-CCE329B364FB}.librelease|Win32.Build.0 = Release|Win32
		{DE7958CD-934E-4AF9-8A22-CCE329B364FB}.max6release|Win32.ActiveCfg = Release|Win32
		{DE7958CD-934E-4AF9-8A22-CCE329B364FB}.max6release|Win32.Build.0 = Release|Win32
		{DE7958CD-934E-4AF9-8A22-CCE329B364FB}.max9hybrid|Win32.ActiveCfg = Release|Win32
		{DE7958CD-934E-4AF9-8A22-CCE329B364FB}.max9hybrid|Win32.Build.0 = Release|Win32
		{DE7958CD-934E-4AF9-8A22-CCE329B364FB}.MY_Debug|Win32.ActiveCfg = Debug|Win32
		{DE7958CD-934E-4AF9-8A22-CCE329B364FB}.MY_Debug|Win32.Build.0 = Debug|Win32
		{DE7958CD-934E-4AF9-8A22-CCE329B364FB}.MY_Release|Win32.ActiveCfg = Release|Win32
		{DE7958CD-934E-4AF9-8A22-CCE329B364FB}.MY_Release|Win32.Build.0 = Release|Win32
		{DE7958CD-934E-4AF9-8A22-CCE329B364FB}.MyInfo|Win32.ActiveCfg = MyInfo|Win32
		{DE7958CD-934E-4AF9-8A22-CCE329B364FB}.MyInfo|Win32.Build.0 = MyInfo|Win32
		{DE7958CD-934E-4AF9-8A22-CCE329B364FB}.MyLib|Win32.ActiveCfg = MyInfo|Win32
		{DE7958CD-934E-4AF9-8A22-CCE329B364FB}.MyLib|Win32.Build.0 = MyInfo|Win32
		{DE7958CD-934E-4AF9-8A22-CCE329B364FB}.MyOwnRose|Win32.ActiveCfg = Debug|Win32
		{DE7958CD-934E-4AF9-8A22-CCE329B364FB}.MyOwnRose|Win32.Build.0 = Debug|Win32
		{DE7958CD-934E-4AF9-8A22-CCE329B364FB}.MyRose|Win32.ActiveCfg = MyRose|Win32
		{DE7958CD-934E-4AF9-8A22-CCE329B364FB}.MyRose|Win32.Build.0 = MyRose|Win32
		{DE7958CD-934E-4AF9-8A22-CCE329B364FB}.MyRoseOnline|Win32.ActiveCfg = Debug|Win32
		{DE7958CD-934E-4AF9-8A22-CCE329B364FB}.MyRoseOnline|Win32.Build.0 = Debug|Win32
		{DE7958CD-934E-4AF9-8A22-CCE329B364FB}.MyTgame|Win32.ActiveCfg = MyInfo|Win32
		{DE7958CD-934E-4AF9-8A22-CCE329B364FB}.MyTgame|Win32.Build.0 = MyInfo|Win32
		{DE7958CD-934E-4AF9-8A22-CCE329B364FB}.MyVFS|Win32.ActiveCfg = MyRose|Win32
		{DE7958CD-934E-4AF9-8A22-CCE329B364FB}.MyVFS|Win32.Build.0 = MyRose|Win32
		{DE7958CD-934E-4AF9-8A22-CCE329B364FB}.MyZnZin|Win32.ActiveCfg = MyRose|Win32
		{DE7958CD-934E-4AF9-8A22-CCE329B364FB}.MyZnZin|Win32.Build.0 = MyRose|Win32
		{DE7958CD-934E-4AF9-8A22-CCE329B364FB}.Release|Win32.ActiveCfg = Release|Win32
		{DE7958CD-934E-4AF9-8A22-CCE329B364FB}.Release|Win32.Build.0 = Release|Win32
		{DE7958CD-934E-4AF9-8A22-CCE329B364FB}.Release-Server|Win32.ActiveCfg = Release|Win32
		{DE7958CD-934E-4AF9-8A22-CCE329B364FB}.Release-Server|Win32.Build.0 = Release|Win32
		{DE7958CD-934E-4AF9-8A22-CCE329B364FB}.ZZ_Debug|Win32.ActiveCfg = Debug|Win32
		{DE7958CD-934E-4AF9-8A22-CCE329B364FB}.ZZ_Debug|Win32.Build.0 = Debug|Win32
		{DE7958CD-934E-4AF9-8A22-CCE329B364FB}.ZZ_Release|Win32.ActiveCfg = Release|Win32
		{DE7958CD-934E-4AF9-8A22-CCE329B364FB}.ZZ_Release|Win32.Build.0 = Release|Win32
		{423F6727-70C6-4D7A-97BA-97C72FBC169B}.debug_release|Win32.ActiveCfg = debug_release|Win32
		{423F6727-70C6-4D7A-97BA-97C72FBC169B}.debug_release|Win32.Build.0 = debug_release|Win32
		{423F6727-70C6-4D7A-97BA-97C72FBC169B}.Debug|Win32.ActiveCfg = Debug|Win32
		{423F6727-70C6-4D7A-97BA-97C72FBC169B}.Debug|Win32.Build.0 = Debug|Win32
		{423F6727-70C6-4D7A-97BA-97C72FBC169B}.Debug-Server|Win32.ActiveCfg = debug_release|Win32
		{423F6727-70C6-4D7A-97BA-97C72FBC169B}.Debug-Server|Win32.Build.0 = debug_release|Win32
		{423F6727-70C6-4D7A-97BA-97C72FBC169B}.ID_Debug|Win32.ActiveCfg = Debug|Win32
		{423F6727-70C6-4D7A-97BA-97C72FBC169B}.ID_Debug|Win32.Build.0 = Debug|Win32
		{423F6727-70C6-4D7A-97BA-97C72FBC169B}.ID_Release|Win32.ActiveCfg = Release|Win32
		{423F6727-70C6-4D7A-97BA-97C72FBC169B}.ID_Release|Win32.Build.0 = Release|Win32
		{423F6727-70C6-4D7A-97BA-97C72FBC169B}.libdebug|Win32.ActiveCfg = libdebug|Win32
		{423F6727-70C6-4D7A-97BA-97C72FBC169B}.libdebug|Win32.Build.0 = libdebug|Win32
		{423F6727-70C6-4D7A-97BA-97C72FBC169B}.librelease|Win32.ActiveCfg = librelease|Win32
		{423F6727-70C6-4D7A-97BA-97C72FBC169B}.librelease|Win32.Build.0 = librelease|Win32
		{423F6727-70C6-4D7A-97BA-97C72FBC169B}.max6release|Win32.ActiveCfg = max6release|Win32
		{423F6727-70C6-4D7A-97BA-97C72FBC169B}.max6release|Win32.Build.0 = max6release|Win32
		{423F6727-70C6-4D7A-97BA-97C72FBC169B}.max9hybrid|Win32.ActiveCfg = max9hybrid|Win32
		{423F6727-70C6-4D7A-97BA-97C72FBC169B}.max9hybrid|Win32.Build.0 = max9hybrid|Win32
		{423F6727-70C6-4D7A-97BA-97C72FBC169B}.MY_Debug|Win32.ActiveCfg = Debug|Win32
		{423F6727-70C6-4D7A-97BA-97C72FBC169B}.MY_Debug|Win32.Build.0 = Debug|Win32
		{423F6727-70C6-4D7A-97BA-97C72FBC169B}.MY_Release|Win32.ActiveCfg = Release|Win32
		{423F6727-70C6-4D7A-97BA-97C72FBC169B}.MY_Release|Win32.Build.0 = Release|Win32
		{423F6727-70C6-4D7A-97BA-97C72FBC169B}.MyInfo|Win32.ActiveCfg = MyZnZin|Win32
		{423F6727-70C6-4D7A-97BA-97C72FBC169B}.MyInfo|Win32.Build.0 = MyZnZin|Win32
		{423F6727-70C6-4D7A-97BA-97C72FBC169B}.MyLib|Win32.ActiveCfg = Release|Win32
		{423F6727-70C6-4D7A-97BA-97C72FBC169B}.MyLib|Win32.Build.0 = Release|Win32
		{423F6727-70C6-4D7A-97BA-97C72FBC169B}.MyOwnRose|Win32.ActiveCfg = Debug|Win32
		{423F6727-70C6-4D7A-97BA-97C72FBC169B}.MyOwnRose|Win32.Build.0 = Debug|Win32
		{423F6727-70C6-4D7A-97BA-97C72FBC169B}.MyRose|Win32.ActiveCfg = MyRose|Win32
		{423F6727-70C6-4D7A-97BA-97C72FBC169B}.MyRose|Win32.Build.0 = MyRose|Win32
		{423F6727-70C6-4D7A-97BA-97C72FBC169B}.MyRoseOnline|Win32.ActiveCfg = Debug|Win32
		{423F6727-70C6-4D7A-97BA-97C72FBC169B}.MyRoseOnline|Win32.Build.0 = Debug|Win32
		{423F6727-70C6-4D7A-97BA-97C72FBC169B}.MyTgame|Win32.ActiveCfg = MyZnZin|Win32
		{423F6727-70C6-4D7A-97BA-97C72FBC169B}.MyTgame|Win32.Build.0 = MyZnZin|Win32
		{423F6727-70C6-4D7A-97BA-97C72FBC169B}.MyVFS|Win32.ActiveCfg = MyZnZin|Win32
		{423F6727-70C6-4D7A-97BA-97C72FBC169B}.MyVFS|Win32.Build.0 = MyZnZin|Win32
		{423F6727-70C6-4D7A-97BA-97C72FBC169B}.MyZnZin|Win32.ActiveCfg = MyZnZin|Win32
		{423F6727-70C6-4D7A-97BA-97C72FBC169B}.MyZnZin|Win32.Build.0 = MyZnZin|Win32
		{423F6727-70C6-4D7A-97BA-97C72FBC169B}.Release|Win32.ActiveCfg = Release|Win32
		{423F6727-70C6-4D7A-97BA-97C72FBC169B}.Release|Win32.Build.0 = Release|Win32
		{423F6727-70C6-4D7A-97BA-97C72FBC169B}.Release-Server|Win32.ActiveCfg = Release|Win32
		{423F6727-70C6-4D7A-97BA-97C72FBC169B}.Release-Server|Win32.Build.0 = Release|Win32
		{423F6727-70C6-4D7A-97BA-97C72FBC169B}.ZZ_Debug|Win32.ActiveCfg = Debug|Win32
		{423F6727-70C6-4D7A-97BA-97C72FBC169B}.ZZ_Debug|Win32.Build.0 = Debug|Win32
		{423F6727-70C6-4D7A-97BA-97C72FBC169B}.ZZ_Release|Win32.ActiveCfg = Release|Win32
		{423F6727-70C6-4D7A-97BA-97C72FBC169B}.ZZ_Release|Win32.Build.0 = Release|Win32
		{98F25AF9-BDDD-462D-9514-9A18FE2E2692}.debug_release|Win32.ActiveCfg = MY_Debug|Win32
		{98F25AF9-BDDD-462D-9514-9A18FE2E2692}.debug_release|Win32.Build.0 = MY_Debug|Win32
		{98F25AF9-BDDD-462D-9514-9A18FE2E2692}.Debug|Win32.ActiveCfg = MyOwnRose|Win32
		{98F25AF9-BDDD-462D-9514-9A18FE2E2692}.Debug|Win32.Build.0 = MyOwnRose|Win32
		{98F25AF9-BDDD-462D-9514-9A18FE2E2692}.Debug-Server|Win32.ActiveCfg = MY_Debug|Win32
		{98F25AF9-BDDD-462D-9514-9A18FE2E2692}.Debug-Server|Win32.Build.0 = MY_Debug|Win32
		{98F25AF9-BDDD-462D-9514-9A18FE2E2692}.ID_Debug|Win32.ActiveCfg = ZZ_Debug|Win32
		{98F25AF9-BDDD-462D-9514-9A18FE2E2692}.ID_Debug|Win32.Build.0 = ZZ_Debug|Win32
		{98F25AF9-BDDD-462D-9514-9A18FE2E2692}.ID_Release|Win32.ActiveCfg = ID_Release|Win32
		{98F25AF9-BDDD-462D-9514-9A18FE2E2692}.ID_Release|Win32.Build.0 = ID_Release|Win32
		{98F25AF9-BDDD-462D-9514-9A18FE2E2692}.libdebug|Win32.ActiveCfg = MY_Debug|Win32
		{98F25AF9-BDDD-462D-9514-9A18FE2E2692}.libdebug|Win32.Build.0 = MY_Debug|Win32
		{98F25AF9-BDDD-462D-9514-9A18FE2E2692}.librelease|Win32.ActiveCfg = MY_Debug|Win32
		{98F25AF9-BDDD-462D-9514-9A18FE2E2692}.librelease|Win32.Build.0 = MY_Debug|Win32
		{98F25AF9-BDDD-462D-9514-9A18FE2E2692}.max6release|Win32.ActiveCfg = MY_Debug|Win32
		{98F25AF9-BDDD-462D-9514-9A18FE2E2692}.max6release|Win32.Build.0 = MY_Debug|Win32
		{98F25AF9-BDDD-462D-9514-9A18FE2E2692}.max9hybrid|Win32.ActiveCfg = MY_Debug|Win32
		{98F25AF9-BDDD-462D-9514-9A18FE2E2692}.max9hybrid|Win32.Build.0 = MY_Debug|Win32
		{98F25AF9-BDDD-462D-9514-9A18FE2E2692}.MY_Debug|Win32.ActiveCfg = MY_Debug|Win32
		{98F25AF9-BDDD-462D-9514-9A18FE2E2692}.MY_Debug|Win32.Build.0 = MY_Debug|Win32
		{98F25AF9-BDDD-462D-9514-9A18FE2E2692}.MY_Release|Win32.ActiveCfg = MY_Release|Win32
		{98F25AF9-BDDD-462D-9514-9A18FE2E2692}.MY_Release|Win32.Build.0 = MY_Release|Win32
		{98F25AF9-BDDD-462D-9514-9A18FE2E2692}.MyInfo|Win32.ActiveCfg = MyOwnRose|Win32
		{98F25AF9-BDDD-462D-9514-9A18FE2E2692}.MyInfo|Win32.Build.0 = MyOwnRose|Win32
		{98F25AF9-BDDD-462D-9514-9A18FE2E2692}.MyLib|Win32.ActiveCfg = MyOwnRose|Win32
		{98F25AF9-BDDD-462D-9514-9A18FE2E2692}.MyLib|Win32.Build.0 = MyOwnRose|Win32
		{98F25AF9-BDDD-462D-9514-9A18FE2E2692}.MyOwnRose|Win32.ActiveCfg = MyOwnRose|Win32
		{98F25AF9-BDDD-462D-9514-9A18FE2E2692}.MyOwnRose|Win32.Build.0 = MyOwnRose|Win32
		{98F25AF9-BDDD-462D-9514-9A18FE2E2692}.MyRose|Win32.ActiveCfg = MyOwnRose|Win32
		{98F25AF9-BDDD-462D-9514-9A18FE2E2692}.MyRose|Win32.Build.0 = MyOwnRose|Win32
		{98F25AF9-BDDD-462D-9514-9A18FE2E2692}.MyRoseOnline|Win32.ActiveCfg = MyOwnRose|Win32
		{98F25AF9-BDDD-462D-9514-9A18FE2E2692}.MyRoseOnline|Win32.Build.0 = MyOwnRose|Win32
		{98F25AF9-BDDD-462D-9514-9A18FE2E2692}.MyTgame|Win32.ActiveCfg = MyOwnRose|Win32
		{98F25AF9-BDDD-462D-9514-9A18FE2E2692}.MyTgame|Win32.Build.0 = MyOwnRose|Win32
		{98F25AF9-BDDD-462D-9514-9A18FE2E2692}.MyVFS|Win32.ActiveCfg = MyOwnRose|Win32
		{98F25AF9-BDDD-462D-9514-9A18FE2E2692}.MyVFS|Win32.Build.0 = MyOwnRose|Win32
		{98F25AF9-BDDD-462D-9514-9A18FE2E2692}.MyZnZin|Win32.ActiveCfg = MyOwnRose|Win32
		{98F25AF9-BDDD-462D-9514-9A18FE2E2692}.MyZnZin|Win32.Build.0 = MyOwnRose|Win32
		{98F25AF9-BDDD-462D-9514-9A18FE2E2692}.Release|Win32.ActiveCfg = release|Win32
		{98F25AF9-BDDD-462D-9514-9A18FE2E2692}.Release|Win32.Build.0 = release|Win32
		{98F25AF9-BDDD-462D-9514-9A18FE2E2692}.Release-Server|Win32.ActiveCfg = MY_Debug|Win32
		{98F25AF9-BDDD-462D-9514-9A18FE2E2692}.Release-Server|Win32.Build.0 = MY_Debug|Win32
		{98F25AF9-BDDD-462D-9514-9A18FE2E2692}.ZZ_Debug|Win32.ActiveCfg = ZZ_Debug|Win32
		{98F25AF9-BDDD-462D-9514-9A18FE2E2692}.ZZ_Debug|Win32.Build.0 = ZZ_Debug|Win32
		{98F25AF9-BDDD-462D-9514-9A18FE2E2692}.ZZ_Release|Win32.ActiveCfg = ZZ_Release|Win32
		{98F25AF9-BDDD-462D-9514-9A18FE2E2692}.ZZ_Release|Win32.Build.0 = ZZ_Release|Win32
		{97F76F57-DA13-49E7-AD8D-3D0DB1C5089F}.debug_release|Win32.ActiveCfg = Debug|Win32
		{97F76F57-DA13-49E7-AD8D-3D0DB1C5089F}.debug_release|Win32.Build.0 = Debug|Win32
		{97F76F57-DA13-49E7-AD8D-3D0DB1C5089F}.Debug|Win32.ActiveCfg = Debug|Win32
		{97F76F57-DA13-49E7-AD8D-3D0DB1C5089F}.Debug|Win32.Build.0 = Debug|Win32
		{97F76F57-DA13-49E7-AD8D-3D0DB1C5089F}.Debug-Server|Win32.ActiveCfg = Debug|Win32
		{97F76F57-DA13-49E7-AD8D-3D0DB1C5089F}.Debug-Server|Win32.Build.0 = Debug|Win32
		{97F76F57-DA13-49E7-AD8D-3D0DB1C5089F}.ID_Debug|Win32.ActiveCfg = Debug|Win32
		{97F76F57-DA13-49E7-AD8D-3D0DB1C5089F}.ID_Debug|Win32.Build.0 = Debug|Win32
		{97F76F57-DA13-49E7-AD8D-3D0DB1C5089F}.ID_Release|Win32.ActiveCfg = Release|Win32
		{97F76F57-DA13-49E7-AD8D-3D0DB1C5089F}.ID_Release|Win32.Build.0 = Release|Win32
		{97F76F57-DA13-49E7-AD8D-3D0DB1C5089F}.libdebug|Win32.ActiveCfg = Release|Win32
		{97F76F57-DA13-49E7-AD8D-3D0DB1C5089F}.libdebug|Win32.Build.0 = Release|Win32
		{97F76F57-DA13-49E7-AD8D-3D0DB1C5089F}.librelease|Win32.ActiveCfg = Release|Win32
		{97F76F57-DA13-49E7-AD8D-3D0DB1C5089F}.librelease|Win32.Build.0 = Release|Win32
		{97F76F57-DA13-49E7-AD8D-3D0DB1C5089F}.max6release|Win32.ActiveCfg = Release|Win32
		{97F76F57-DA13-49E7-AD8D-3D0DB1C5089F}.max6release|Win32.Build.0 = Release|Win32
		{97F76F57-DA13-49E7-AD8D-3D0DB1C5089F}.max9hybrid|Win32.ActiveCfg = Release|Win32
		{97F76F57-DA13-49E7-AD8D-3D0DB1C5089F}.max9hybrid|Win32.Build.0 = Release|Win32
		{97F76F57-DA13-49E7-AD8D-3D0DB1C5089F}.MY_Debug|Win32.ActiveCfg = Debug|Win32
		{97F76F57-DA13-49E7-AD8D-3D0DB1C5089F}.MY_Debug|Win32.Build.0 = Debug|Win32
		{97F76F57-DA13-49E7-AD8D-3D0DB1C5089F}.MY_Release|Win32.ActiveCfg = Release|Win32
		{97F76F57-DA13-49E7-AD8D-3D0DB1C5089F}.MY_Release|Win32.Build.0 = Release|Win32
		{97F76F57-DA13-49E7-AD8D-3D0DB1C5089F}.MyInfo|Win32.ActiveCfg = MyRoseOnline|Win32
		{97F76F57-DA13-49E7-AD8D-3D0DB1C5089F}.MyInfo|Win32.Build.0 = MyRoseOnline|Win32
		{97F76F57-DA13-49E7-AD8D-3D0DB1C5089F}.MyLib|Win32.ActiveCfg = MyRoseOnline|Win32
		{97F76F57-DA13-49E7-AD8D-3D0DB1C5089F}.MyLib|Win32.Build.0 = MyRoseOnline|Win32
		{97F76F57-DA13-49E7-AD8D-3D0DB1C5089F}.MyOwnRose|Win32.ActiveCfg = Debug|Win32
		{97F76F57-DA13-49E7-AD8D-3D0DB1C5089F}.MyOwnRose|Win32.Build.0 = Debug|Win32
		{97F76F57-DA13-49E7-AD8D-3D0DB1C5089F}.MyRose|Win32.ActiveCfg = MyRose|Win32
		{97F76F57-DA13-49E7-AD8D-3D0DB1C5089F}.MyRose|Win32.Build.0 = MyRose|Win32
		{97F76F57-DA13-49E7-AD8D-3D0DB1C5089F}.MyRoseOnline|Win32.ActiveCfg = MyRoseOnline|Win32
		{97F76F57-DA13-49E7-AD8D-3D0DB1C5089F}.MyRoseOnline|Win32.Build.0 = MyRoseOnline|Win32
		{97F76F57-DA13-49E7-AD8D-3D0DB1C5089F}.MyTgame|Win32.ActiveCfg = MyRoseOnline|Win32
		{97F76F57-DA13-49E7-AD8D-3D0DB1C5089F}.MyTgame|Win32.Build.0 = MyRoseOnline|Win32
		{97F76F57-DA13-49E7-AD8D-3D0DB1C5089F}.MyVFS|Win32.ActiveCfg = MyRoseOnline|Win32
		{97F76F57-DA13-49E7-AD8D-3D0DB1C5089F}.MyVFS|Win32.Build.0 = MyRoseOnline|Win32
		{97F76F57-DA13-49E7-AD8D-3D0DB1C5089F}.MyZnZin|Win32.ActiveCfg = MyRoseOnline|Win32
		{97F76F57-DA13-49E7-AD8D-3D0DB1C5089F}.MyZnZin|Win32.Build.0 = MyRoseOnline|Win32
		{97F76F57-DA13-49E7-AD8D-3D0DB1C5089F}.Release|Win32.ActiveCfg = Release|Win32
		{97F76F57-DA13-49E7-AD8D-3D0DB1C5089F}.Release|Win32.Build.0 = Release|Win32
		{97F76F57-DA13-49E7-AD8D-3D0DB1C5089F}.Release-Server|Win32.ActiveCfg = Release|Win32
		{97F76F57-DA13-49E7-AD8D-3D0DB1C5089F}.Release-Server|Win32.Build.0 = Release|Win32
		{97F76F57-DA13-49E7-AD8D-3D0DB1C5089F}.ZZ_Debug|Win32.ActiveCfg = Debug|Win32
		{97F76F57-DA13-49E7-AD8D-3D0DB1C5089F}.ZZ_Debug|Win32.Build.0 = Debug|Win32
		{97F76F57-DA13-49E7-AD8D-3D0DB1C5089F}.ZZ_Release|Win32.ActiveCfg = Release|Win32
		{97F76F57-DA13-49E7-AD8D-3D0DB1C5089F}.ZZ_Release|Win32.Build.0 = Release|Win32
		{3D8FB37B-21F3-4DEF-9B78-6FE270C73494}.debug_release|Win32.ActiveCfg = Debug|Win32
		{3D8FB37B-21F3-4DEF-9B78-6FE270C73494}.debug_release|Win32.Build.0 = Debug|Win32
		{3D8FB37B-21F3-4DEF-9B78-6FE270C73494}.Debug|Win32.ActiveCfg = Debug|Win32
		{3D8FB37B-21F3-4DEF-9B78-6FE270C73494}.Debug|Win32.Build.0 = Debug|Win32
		{3D8FB37B-21F3-4DEF-9B78-6FE270C73494}.Debug-Server|Win32.ActiveCfg = Debug|Win32
		{3D8FB37B-21F3-4DEF-9B78-6FE270C73494}.Debug-Server|Win32.Build.0 = Debug|Win32
		{3D8FB37B-21F3-4DEF-9B78-6FE270C73494}.ID_Debug|Win32.ActiveCfg = Debug|Win32
		{3D8FB37B-21F3-4DEF-9B78-6FE270C73494}.ID_Debug|Win32.Build.0 = Debug|Win32
		{3D8FB37B-21F3-4DEF-9B78-6FE270C73494}.ID_Release|Win32.ActiveCfg = Release|Win32
		{3D8FB37B-21F3-4DEF-9B78-6FE270C73494}.ID_Release|Win32.Build.0 = Release|Win32
		{3D8FB37B-21F3-4DEF-9B78-6FE270C73494}.libdebug|Win32.ActiveCfg = Release|Win32
		{3D8FB37B-21F3-4DEF-9B78-6FE270C73494}.libdebug|Win32.Build.0 = Release|Win32
		{3D8FB37B-21F3-4DEF-9B78-6FE270C73494}.librelease|Win32.ActiveCfg = Release|Win32
		{3D8FB37B-21F3-4DEF-9B78-6FE270C73494}.librelease|Win32.Build.0 = Release|Win32
		{3D8FB37B-21F3-4DEF-9B78-6FE270C73494}.max6release|Win32.ActiveCfg = Release|Win32
		{3D8FB37B-21F3-4DEF-9B78-6FE270C73494}.max6release|Win32.Build.0 = Release|Win32
		{3D8FB37B-21F3-4DEF-9B78-6FE270C73494}.max9hybrid|Win32.ActiveCfg = Release|Win32
		{3D8FB37B-21F3-4DEF-9B78-6FE270C73494}.max9hybrid|Win32.Build.0 = Release|Win32
		{3D8FB37B-21F3-4DEF-9B78-6FE270C73494}.MY_Debug|Win32.ActiveCfg = Debug|Win32
		{3D8FB37B-21F3-4DEF-9B78-6FE270C73494}.MY_Debug|Win32.Build.0 = Debug|Win32
		{3D8FB37B-21F3-4DEF-9B78-6FE270C73494}.MY_Release|Win32.ActiveCfg = Release|Win32
		{3D8FB37B-21F3-4DEF-9B78-6FE270C73494}.MY_Release|Win32.Build.0 = Release|Win32
		{3D8FB37B-21F3-4DEF-9B78-6FE270C73494}.MyInfo|Win32.ActiveCfg = MyVFS|Win32
		{3D8FB37B-21F3-4DEF-9B78-6FE270C73494}.MyInfo|Win32.Build.0 = MyVFS|Win32
		{3D8FB37B-21F3-4DEF-9B78-6FE270C73494}.MyLib|Win32.ActiveCfg = MyVFS|Win32
		{3D8FB37B-21F3-4DEF-9B78-6FE270C73494}.MyLib|Win32.Build.0 = MyVFS|Win32
		{3D8FB37B-21F3-4DEF-9B78-6FE270C73494}.MyOwnRose|Win32.ActiveCfg = Debug|Win32
		{3D8FB37B-21F3-4DEF-9B78-6FE270C73494}.MyOwnRose|Win32.Build.0 = Debug|Win32
		{3D8FB37B-21F3-4DEF-9B78-6FE270C73494}.MyRose|Win32.ActiveCfg = MyRose|Win32
		{3D8FB37B-21F3-4DEF-9B78-6FE270C73494}.MyRose|Win32.Build.0 = MyRose|Win32
		{3D8FB37B-21F3-4DEF-9B78-6FE270C73494}.MyRoseOnline|Win32.ActiveCfg = Debug|Win32
		{3D8FB37B-21F3-4DEF-9B78-6FE270C73494}.MyRoseOnline|Win32.Build.0 = Debug|Win32
		{3D8FB37B-21F3-4DEF-9B78-6FE270C73494}.MyTgame|Win32.ActiveCfg = MyVFS|Win32
		{3D8FB37B-21F3-4DEF-9B78-6FE270C73494}.MyTgame|Win32.Build.0 = MyVFS|Win32
		{3D8FB37B-21F3-4DEF-9B78-6FE270C73494}.MyVFS|Win32.ActiveCfg = MyVFS|Win32
		{3D8FB37B-21F3-4DEF-9B78-6FE270C73494}.MyVFS|Win32.Build.0 = MyVFS|Win32
		{3D8FB37B-21F3-4DEF-9B78-6FE270C73494}.MyZnZin|Win32.ActiveCfg = MyRose|Win32
		{3D8FB37B-21F3-4DEF-9B78-6FE270C73494}.MyZnZin|Win32.Build.0 = MyRose|Win32
		{3D8FB37B-21F3-4DEF-9B78-6FE270C73494}.Release|Win32.ActiveCfg = Release|Win32
		{3D8FB37B-21F3-4DEF-9B78-6FE270C73494}.Release|Win32.Build.0 = Release|Win32
		{3D8FB37B-21F3-4DEF-9B78-6FE270C73494}.Release-Server|Win32.ActiveCfg = Release|Win32
		{3D8FB37B-21F3-4DEF-9B78-6FE270C73494}.Release-Server|Win32.Build.0 = Release|Win32
		{3D8FB37B-21F3-4DEF-9B78-6FE270C73494}.ZZ_Debug|Win32.ActiveCfg = Debug|Win32
		{3D8FB37B-21F3-4DEF-9B78-6FE270C73494}.ZZ_Debug|Win32.Build.0 = Debug|Win32
		{3D8FB37B-21F3-4DEF-9B78-6FE270C73494}.ZZ_Release|Win32.ActiveCfg = Release|Win32
		{3D8FB37B-21F3-4DEF-9B78-6FE270C73494}.ZZ_Release|Win32.Build.0 = Release|Win32
	EndGlobalSection
	GlobalSection(SolutionProperties) = preSolution
		HideSolutionNode = FALSE
	EndGlobalSection
	GlobalSection(NestedProjects) = preSolution
		{98F25AF9-BDDD-462D-9514-9A18FE2E2692} = {F4FD6E6F-F516-4251-8274-BC92C9C7EBFB}
		{97F76F57-DA13-49E7-AD8D-3D0DB1C5089F} = {F4FD6E6F-F516-4251-8274-BC92C9C7EBFB}
		{B4DDE42E-8878-441E-87AE-62B2F0E5A9CF} = {E61BF984-2D5E-414C-B857-089729B56185}
		{423F6727-70C6-4D7A-97BA-97C72FBC169B} = {E456F64B-6B25-41DE-9112-CA12B40F3E9D}
		{25FC645B-A461-4FDD-848A-4F7C5522313A} = {103B8499-A827-453B-A58A-CEC210F6785D}
		{DE7958CD-934E-4AF9-8A22-CCE329B364FB} = {103B8499-A827-453B-A58A-CEC210F6785D}
		{3D8FB37B-21F3-4DEF-9B78-6FE270C73494} = {103B8499-A827-453B-A58A-CEC210F6785D}
	EndGlobalSection
EndGlobal
