<?xml version="1.0" encoding="UTF-8" standalone="yes" ?>
<CodeBlocks_project_file>
	<FileVersion major="1" minor="6" />
	<Project>
		<Option title="Client" />
		<Option pch_mode="2" />
		<Option compiler="gcc" />
		<Build>
			<Target title="Win32 Release">
				<Option output="..\SHO\r_Client" prefix_auto="1" extension_auto="1" />
				<Option object_output="Release" />
				<Option type="0" />
				<Option compiler="gcc" />
				<Compiler>
					<Add option="-W" />
					<Add option="-fexceptions" />
					<Add option="-O2" />
					<Add option="-DWIN32" />
					<Add option="-DNDEBUG" />
					<Add option="-D_WINDOWS" />
					<Add option="-D_MBCS" />
					<Add option="-g" />
					<Add option="-D_USE_BG" />
					<Add directory=".\." />
					<Add directory="..\znzin11\engine\include" />
					<Add directory="..\GameCtrl" />
					<Add directory=".\" />
					<Add directory=".\interface" />
					<Add directory="..\engine\include" />
					<Add directory="..\TGameCtrl" />
					<Add directory="..\znzin11\3rdparty\lua-4.0.1\include" />
					<Add directory="..\Tools\TriggerVFS\TriggerVFS" />
				</Compiler>
				<Linker>
					<Add library="kernel32" />
					<Add library="user32" />
					<Add library="gdi32" />
					<Add library="winspool" />
					<Add library="comdlg32" />
					<Add library="advapi32" />
					<Add library="shell32" />
					<Add library="ole32" />
					<Add library="oleaut32" />
					<Add library="uuid" />
					<Add library="odbc32" />
					<Add library="odbccp32" />
					<Add library="TriggerVFS" />
					<Add directory="..\GameCtrl\lib" />
					<Add directory="..\engine\lib" />
					<Add directory="..\TGameCtrl\libs" />
					<Add directory="..\znzin11\3rdparty\lua-4.0.1\lib" />
					<Add directory="..\Tools\TriggerVFS\LIBS" />
				</Linker>
				<ExtraCommands>
					<Add after="copy .\GlobalSCR.lua   ..\SHO" />
				</ExtraCommands>
			</Target>
			<Target title="Win32 Debug">
				<Option output="f:\SHO\d_Client" prefix_auto="1" extension_auto="1" />
				<Option object_output="Debug" />
				<Option type="0" />
				<Option compiler="gcc" />
				<Compiler>
					<Add option="-W" />
					<Add option="-fexceptions" />
					<Add option="-g" />
					<Add option="-DWIN32" />
					<Add option="-D_DEBUG" />
					<Add option="-D_WINDOWS" />
					<Add option="-D_MBCS" />
					<Add directory=".\" />
					<Add directory=".\interface" />
					<Add directory="..\engine\include" />
					<Add directory="..\TGameCtrl" />
					<Add directory="..\Tools\TriggerVFS\TriggerVFS" />
					<Add directory="D:\SDK\intel\plsuite\include" />
				</Compiler>
				<Linker>
					<Add library="kernel32" />
					<Add library="user32" />
					<Add library="gdi32" />
					<Add library="winspool" />
					<Add library="comdlg32" />
					<Add library="advapi32" />
					<Add library="shell32" />
					<Add library="ole32" />
					<Add library="oleaut32" />
					<Add library="uuid" />
					<Add library="odbc32" />
					<Add library="odbccp32" />
					<Add library="TriggerVFS" />
					<Add directory="..\engine\lib" />
					<Add directory="..\TGameCtrl\Libs" />
					<Add directory="..\znzin11\3rdparty\lua-4.0.1\lib" />
					<Add directory="..\Tools\TriggerVFS\LIBS" />
				</Linker>
				<ExtraCommands>
					<Add after="copy .\GlobalSCR.lua   ..\SHO" />
				</ExtraCommands>
			</Target>
			<Target title="Win32 VR_Debug">
				<Option output="..\data\vd_Client" prefix_auto="1" extension_auto="1" />
				<Option object_output="Client___Win32_VR_Debug" />
				<Option type="0" />
				<Option compiler="gcc" />
				<Compiler>
					<Add option="-W" />
					<Add option="-fexceptions" />
					<Add option="-g" />
					<Add option="-DWIN32" />
					<Add option="-D_DEBUG" />
					<Add option="-D_WINDOWS" />
					<Add option="-D_MBCS" />
					<Add option="-D__VIRTUAL_SERVER" />
					<Add option="-D_USE_BG" />
					<Add directory="..\znzin11\engine\include" />
					<Add directory="..\GameCtrl" />
					<Add directory="..\znzin11\3rdparty\lua-4.0.1\include" />
					<Add directory=".\" />
					<Add directory=".\interface" />
				</Compiler>
				<Linker>
					<Add library="kernel32" />
					<Add library="user32" />
					<Add library="gdi32" />
					<Add library="winspool" />
					<Add library="comdlg32" />
					<Add library="advapi32" />
					<Add library="shell32" />
					<Add library="ole32" />
					<Add library="oleaut32" />
					<Add library="uuid" />
					<Add library="odbc32" />
					<Add library="odbccp32" />
					<Add directory="..\engine\lib" />
					<Add directory="..\GameCtrl\lib" />
					<Add directory="..\znzin11\3rdparty\lua-4.0.1\lib" />
					<Add directory="..\Znzin11\engine\lib" />
				</Linker>
				<ExtraCommands>
					<Add after="copy .\GlobalSCR.lua   ..\SHO" />
				</ExtraCommands>
			</Target>
			<Target title="Win32 VR_Release">
				<Option output="..\SHO\vr_Client" prefix_auto="1" extension_auto="1" />
				<Option object_output="Client___Win32_VR_Release" />
				<Option type="0" />
				<Option compiler="gcc" />
				<Compiler>
					<Add option="-W" />
					<Add option="-fexceptions" />
					<Add option="-g" />
					<Add option="-DWIN32" />
					<Add option="-DNDEBUG" />
					<Add option="-D_WINDOWS" />
					<Add option="-D_MBCS" />
					<Add option="-D__VIRTUAL_SERVER" />
					<Add directory="..\znzin11\engine\include" />
					<Add directory="..\GameCtrl" />
					<Add directory="..\znzin11\3rdparty\lua-4.0.1\include" />
					<Add directory=".\." />
					<Add directory=".\" />
					<Add directory=".\interface" />
					<Add directory="..\engine\include" />
					<Add directory="..\TGameCtrl" />
					<Add directory="..\Tools\TriggerVFS\TriggerVFS" />
				</Compiler>
				<Linker>
					<Add library="kernel32" />
					<Add library="user32" />
					<Add library="gdi32" />
					<Add library="winspool" />
					<Add library="comdlg32" />
					<Add library="advapi32" />
					<Add library="shell32" />
					<Add library="ole32" />
					<Add library="oleaut32" />
					<Add library="uuid" />
					<Add library="odbc32" />
					<Add library="odbccp32" />
					<Add library="TriggerVFS" />
					<Add directory="..\engine\lib" />
					<Add directory="..\GameCtrl\lib" />
					<Add directory="..\znzin11\3rdparty\lua-4.0.1\lib" />
					<Add directory="..\TGameCtrl\libs" />
					<Add directory="..\Tools\TriggerVFS\LIBS" />
				</Linker>
				<ExtraCommands>
					<Add after="copy .\GlobalSCR.lua   ..\SHO" />
				</ExtraCommands>
			</Target>
		</Build>
		<Unit filename="dll_bugguard\bugguard.h" />
		<Unit filename="Util\BugGUARD.h" />
		<Unit filename="Util\CBITArray.h" />
		<Unit filename="Util\CCheat.cpp" />
		<Unit filename="Util\CCheat.h" />
		<Unit filename="Util\CClientSOCKET.h" />
		<Unit filename="Util\CD3DUtil.cpp" />
		<Unit filename="Util\CD3DUtil.h" />
		<Unit filename="Util\CDSound.cpp" />
		<Unit filename="Util\CDSound.h" />
		<Unit filename="Util\CFileLIST.h" />
		<Unit filename="Util\CFileSystem.h" />
		<Unit filename="Util\CFileSystemNormal.cpp" />
		<Unit filename="Util\CFileSystemNormal.h" />
		<Unit filename="Util\CFileSystemTriggerVFS.cpp" />
		<Unit filename="Util\CFileSystemTriggerVFS.h" />
		<Unit filename="Util\CGameSTB.cpp" />
		<Unit filename="Util\CGameSTB.h" />
		<Unit filename="Util\CGameStr.cpp" />
		<Unit filename="Util\CGameStr.h" />
		<Unit filename="Util\classHASH.h" />
		<Unit filename="Util\classIME.h" />
		<Unit filename="Util\classLOG.h" />
		<Unit filename="Util\classLUA.h" />
		<Unit filename="Util\classMD5.h" />
		<Unit filename="Util\classQUEUE.h" />
		<Unit filename="Util\classSTB.h" />
		<Unit filename="Util\classSTR.h" />
		<Unit filename="Util\classUTIL.h" />
		<Unit filename="Util\CMessageQ.cpp" />
		<Unit filename="Util\CMessageQ.h" />
		<Unit filename="Util\CMMPlayer.h" />
		<Unit filename="Util\CRangeTBL.cpp" />
		<Unit filename="Util\CRangeTBL.h" />
		<Unit filename="Util\CRawSOCKET.h" />
		<Unit filename="Util\CshoSOCKET.h" />
		<Unit filename="Util\CSocket.h" />
		<Unit filename="Util\CVector.h" />
		<Unit filename="Util\CWaveFILE.cpp" />
		<Unit filename="Util\CWaveFILE.h" />
		<Unit filename="Util\DLLIST.h" />
		<Unit filename="Util\ijl.h" />
		<Unit filename="Util\JSingleton.h" />
		<Unit filename="Util\PacketHEADER.h" />
		<Unit filename="Util\RTTI.h" />
		<Unit filename="Util\SLLIST.h" />
		<Unit filename="Util\VFSManager.cpp" />
		<Unit filename="Util\VFSManager.h" />
		<Unit filename="Util\WndMsgQ.cpp" />
		<Unit filename="Util\WndMsgQ.h" />
		<Unit filename="Util\Util_r.lib" />
		<Unit filename="Util\BugGUARD.lib" />
		<Unit filename="Util\ijl15.lib" />
		<Unit filename="IO_Basic.cpp" />
		<Unit filename="IO_Basic.h" />
		<Unit filename="IO_Effect.cpp" />
		<Unit filename="IO_Effect.h" />
		<Unit filename="IO_Event.cpp" />
		<Unit filename="IO_Event.h" />
		<Unit filename="IO_MATERIAL.CPP" />
		<Unit filename="IO_MATERIAL.H" />
		<Unit filename="IO_MESH.CPP" />
		<Unit filename="IO_MESH.H" />
		<Unit filename="IO_Model.cpp" />
		<Unit filename="IO_Model.h" />
		<Unit filename="IO_Morpher.cpp" />
		<Unit filename="IO_Morpher.h" />
		<Unit filename="IO_Skeleton.cpp" />
		<Unit filename="IO_Skeleton.h" />
		<Unit filename="IO_Terrain.cpp" />
		<Unit filename="IO_Terrain.h" />
		<Unit filename="CApplication.cpp" />
		<Unit filename="CApplication.h" />
		<Unit filename="Debug.cpp" />
		<Unit filename="Debug.h" />
		<Unit filename="resource.h" />
		<Unit filename="StdAfx.cpp" />
		<Unit filename="StdAfx.h" />
		<Unit filename="winMAIN.cpp" />
		<Unit filename="CKeyboard.cpp" />
		<Unit filename="CKeyboard.h" />
		<Unit filename="CMouse.cpp" />
		<Unit filename="CMouse.h" />
		<Unit filename="CGameOBJ.cpp" />
		<Unit filename="CGameOBJ.h" />
		<Unit filename="CModelCHAR.cpp" />
		<Unit filename="CModelCHAR.h" />
		<Unit filename="CObjCHAR.cpp" />
		<Unit filename="CObjCHAR.h" />
		<Unit filename="CObjFIXED.cpp" />
		<Unit filename="CObjFIXED.h" />
		<Unit filename="CObjGROUND.cpp" />
		<Unit filename="CObjGROUND.h" />
		<Unit filename="CObjMORPH.cpp" />
		<Unit filename="CObjMORPH.h" />
		<Unit filename="CObjUSER.cpp" />
		<Unit filename="CObjUSER.h" />
		<Unit filename="CSkyDOME.cpp" />
		<Unit filename="CSkyDOME.h" />
		<Unit filename="OBJECT.cpp" />
		<Unit filename="OBJECT.h" />
		<Unit filename="Sound\CMusic.cpp" />
		<Unit filename="Sound\CMusic.h" />
		<Unit filename="Sound\IO_Sound.cpp" />
		<Unit filename="Sound\IO_Sound.h" />
		<Unit filename="Interface\DLGs\AvatarInvenDlg.cpp" />
		<Unit filename="Interface\DLGs\AvatarInvenDlg.h" />
		<Unit filename="Interface\DLGs\BasePAN.cpp" />
		<Unit filename="Interface\DLGs\BasePAN.h" />
		<Unit filename="Interface\DLGs\CharacterDLG.cpp" />
		<Unit filename="Interface\DLGs\CharacterDLG.h" />
		<Unit filename="Interface\DLGs\ChattingDLG.cpp" />
		<Unit filename="Interface\DLGs\ChattingDLG.h" />
		<Unit filename="Interface\DLGs\CMinimapDLG.cpp" />
		<Unit filename="Interface\DLGs\CMinimapDLG.h" />
		<Unit filename="Interface\DLGs\CMsgBox.cpp" />
		<Unit filename="Interface\DLGs\CMsgBox.h" />
		<Unit filename="Interface\DLGs\CNumberInputDlg.cpp" />
		<Unit filename="Interface\DLGs\CNumberInputDlg.h" />
		<Unit filename="Interface\DLGs\COptionDlg.cpp" />
		<Unit filename="Interface\DLGs\COptionDlg.h" />
		<Unit filename="Interface\DLGs\CPartyDlg.cpp" />
		<Unit filename="Interface\DLGs\CPartyDlg.h" />
		<Unit filename="Interface\DLGs\CPartyMember.cpp" />
		<Unit filename="Interface\DLGs\CPartyMember.h" />
		<Unit filename="Interface\DLGs\CQuestDlg.cpp" />
		<Unit filename="Interface\DLGs\CQuestDlg.h" />
		<Unit filename="Interface\DLGs\CRestartDLG.cpp" />
		<Unit filename="Interface\DLGs\CRestartDLG.h" />
		<Unit filename="Interface\DLGs\CSkillDLG.cpp" />
		<Unit filename="Interface\DLGs\CSkillDLG.h" />
		<Unit filename="Interface\DLGs\CStoreDLG.cpp" />
		<Unit filename="Interface\DLGs\CStoreDLG.h" />
		<Unit filename="Interface\DLGs\CSystemDLG.cpp" />
		<Unit filename="Interface\DLGs\CSystemDLG.h" />
		<Unit filename="Interface\DLGs\CSystemMsgDlg.cpp" />
		<Unit filename="Interface\DLGs\CSystemMsgDlg.h" />
		<Unit filename="Interface\DLGs\CTargetMenu.cpp" />
		<Unit filename="Interface\DLGs\CTargetMenu.h" />
		<Unit filename="Interface\DLGs\DealDLG.cpp" />
		<Unit filename="Interface\DLGs\DealDLG.h" />
		<Unit filename="Interface\DLGs\DropDLG.cpp" />
		<Unit filename="Interface\DLGs\DropDLG.h" />
		<Unit filename="Interface\DLGs\ExchangeDLG.cpp" />
		<Unit filename="Interface\DLGs\ExchangeDLG.h" />
		<Unit filename="Interface\DLGs\InventoryDLG.cpp" />
		<Unit filename="Interface\DLGs\InventoryDLG.h" />
		<Unit filename="Interface\DLGs\MakeDLG.cpp" />
		<Unit filename="Interface\DLGs\MakeDLG.h" />
		<Unit filename="Interface\DLGs\MessageDLG.cpp" />
		<Unit filename="Interface\DLGs\MessageDLG.h" />
		<Unit filename="Interface\DLGs\QueryDLG.cpp" />
		<Unit filename="Interface\DLGs\QueryDLG.h" />
		<Unit filename="Interface\DLGs\QuickToolBAR.cpp" />
		<Unit filename="Interface\DLGs\QuickToolBAR.h" />
		<Unit filename="Interface\DLGs\StoreInvenDlg.cpp" />
		<Unit filename="Interface\DLGs\StoreInvenDlg.h" />
		<Unit filename="Interface\DLGs\TargetObjectDLG.cpp" />
		<Unit filename="Interface\DLGs\TargetObjectDLG.h" />
		<Unit filename="Interface\ExternalUI\CCreateAvata.cpp" />
		<Unit filename="Interface\ExternalUI\CCreateAvata.h" />
		<Unit filename="Interface\ExternalUI\CExternalUI.h" />
		<Unit filename="Interface\ExternalUI\CExternalUIManager.cpp" />
		<Unit filename="Interface\ExternalUI\CExternalUIManager.h" />
		<Unit filename="Interface\ExternalUI\CLogin.cpp" />
		<Unit filename="Interface\ExternalUI\CLogin.h" />
		<Unit filename="Interface\ExternalUI\CNewAccount.h" />
		<Unit filename="Interface\ExternalUI\CSelectAvata.cpp" />
		<Unit filename="Interface\ExternalUI\CSelectAvata.h" />
		<Unit filename="Interface\ExternalUI\CSelectCharacter.cpp" />
		<Unit filename="Interface\ExternalUI\CSelectCharacter.h" />
		<Unit filename="Interface\ExternalUI\CSelectServer.cpp" />
		<Unit filename="Interface\ExternalUI\CSelectServer.h" />
		<Unit filename="Interface\ExternalUI\CSetting.cpp" />
		<Unit filename="Interface\ExternalUI\CSetting.h" />
		<Unit filename="Interface\ExternalUI\ExternalUILobby.cpp" />
		<Unit filename="Interface\ExternalUI\ExternalUILobby.h" />
		<Unit filename="Interface\Command\CTCmdHotExec.cpp" />
		<Unit filename="Interface\Command\CTCmdHotExec.h" />
		<Unit filename="Interface\Command\CTCmdNumberInput.cpp" />
		<Unit filename="Interface\Command\CTCmdNumberInput.h" />
		<Unit filename="Interface\Command\CTCmdOpenDlg.cpp" />
		<Unit filename="Interface\Command\CTCmdOpenDlg.h" />
		<Unit filename="Interface\CChatBox.cpp" />
		<Unit filename="Interface\CChatBox.h" />
		<Unit filename="Interface\CCommandPT.cpp" />
		<Unit filename="Interface\CCommandPT.h" />
		<Unit filename="Interface\CDigitEffect.cpp" />
		<Unit filename="Interface\CDigitEffect.h" />
		<Unit filename="Interface\CEnduranceProperty.cpp" />
		<Unit filename="Interface\CEnduranceProperty.h" />
		<Unit filename="Interface\CEventProc.cpp" />
		<Unit filename="Interface\CEventProc.h" />
		<Unit filename="Interface\CHelpMgr.cpp" />
		<Unit filename="Interface\CHelpMgr.h" />
		<Unit filename="Interface\CKeyMove.cpp" />
		<Unit filename="Interface\CKeyMove.h" />
		<Unit filename="Interface\CLoading.cpp" />
		<Unit filename="Interface\CLoading.h" />
		<Unit filename="Interface\CNameBox.cpp" />
		<Unit filename="Interface\CNameBox.h" />
		<Unit filename="Interface\CObj.cpp" />
		<Unit filename="Interface\CObj.h" />
		<Unit filename="Interface\CSplitHangul.cpp" />
		<Unit filename="Interface\CSplitHangul.h" />
		<Unit filename="Interface\CStringTable.h" />
		<Unit filename="Interface\CTDrawImpl.cpp" />
		<Unit filename="Interface\CTDrawImpl.h" />
		<Unit filename="Interface\CTFontImpl.cpp" />
		<Unit filename="Interface\CTFontImpl.h" />
		<Unit filename="Interface\CTSoundImpl.cpp" />
		<Unit filename="Interface\CTSoundImpl.h" />
		<Unit filename="Interface\CUIMediator.cpp" />
		<Unit filename="Interface\CUIMediator.h" />
		<Unit filename="Interface\DragNDrop.cpp" />
		<Unit filename="Interface\DragNDrop.h" />
		<Unit filename="Interface\DrawItemInfo.cpp" />
		<Unit filename="Interface\DrawItemInfo.h" />
		<Unit filename="Interface\InterfaceType.h" />
		<Unit filename="Interface\IO_ImageRes.cpp" />
		<Unit filename="Interface\IO_ImageRes.h" />
		<Unit filename="Interface\it_mgr.cpp" />
		<Unit filename="Interface\it_mgr.h" />
		<Unit filename="Interface\LookUpImageIndex.h" />
		<Unit filename="Interface\TypeResource.cpp" />
		<Unit filename="Interface\TypeResource.h" />
		<Unit filename="Event\CEvent.cpp" />
		<Unit filename="Event\CEvent.h" />
		<Unit filename="Event\GF_EFFECT.CPP" />
		<Unit filename="Event\GF_ITEM.CPP" />
		<Unit filename="Event\GF_SYSTEM.CPP" />
		<Unit filename="Event\QF_CONVERSATION.CPP" />
		<Unit filename="Event\QF_QUEST.CPP" />
		<Unit filename="Event\QF_SKILL.CPP" />
		<Unit filename="Event\Quest_FUNC.h" />
		<Unit filename="Event\Quest_FUNC_DEF.inc" />
		<Unit filename="Event\Quest_FUNC_REG.inc" />
		<Unit filename="BULLET.CPP" />
		<Unit filename="BULLET.H" />
		<Unit filename="Skill.cpp" />
		<Unit filename="Skill.h" />
		<Unit filename="AI_LIB\AI_Action.cpp" />
		<Unit filename="AI_LIB\AI_Condition.cpp" />
		<Unit filename="AI_LIB\CAI_FILE.CPP" />
		<Unit filename="AI_LIB\CAI_FILE.H" />
		<Unit filename="AI_LIB\CAI_LIB.H" />
		<Unit filename="Common\Calculation.cpp" />
		<Unit filename="Common\Calculation.h" />
		<Unit filename="Common\CEconomy.cpp" />
		<Unit filename="Common\CEconomy.h" />
		<Unit filename="Common\CHotICON.cpp" />
		<Unit filename="Common\CHotICON.h" />
		<Unit filename="Common\CInventory.cpp" />
		<Unit filename="Common\CInventory.h" />
		<Unit filename="Common\CItem.cpp" />
		<Unit filename="Common\CItem.h" />
		<Unit filename="Common\CObjAI.cpp" />
		<Unit filename="Common\CObjAI.h" />
		<Unit filename="Common\CQuest.cpp" />
		<Unit filename="Common\CQuest.h" />
		<Unit filename="Common\CRegenAREA.cpp" />
		<Unit filename="Common\CRegenAREA.h" />
		<Unit filename="Common\CSkillSlot.cpp" />
		<Unit filename="Common\CSkillSlot.h" />
		<Unit filename="Common\CUserDATA.cpp" />
		<Unit filename="Common\CUserDATA.h" />
		<Unit filename="Common\DataTYPE.h" />
		<Unit filename="Common\IO_AI.CPP" />
		<Unit filename="Common\IO_AI.H" />
		<Unit filename="Common\IO_Motion.cpp" />
		<Unit filename="Common\IO_Motion.h" />
		<Unit filename="Common\IO_Skill.cpp" />
		<Unit filename="Common\IO_Skill.h" />
		<Unit filename="Common\IO_STB.cpp" />
		<Unit filename="Common\IO_STB.h" />
		<Unit filename="export_GM.lua" />
		<Unit filename="export_QF.lua" />
		<Unit filename="Game_FUNC.cpp" />
		<Unit filename="Game_FUNC.h" />
		<Unit filename="Game_FUNC_DEF.inc" />
		<Unit filename="Game_FUNC_REG.inc" />
		<Unit filename="GlobalScr.lua" />
		<Unit filename="LUA_Func.cpp" />
		<Unit filename="LUA_Func.h" />
		<Unit filename="LUA_Init.cpp" />
		<Unit filename="Network\CNetwork.cpp" />
		<Unit filename="Network\CNetwork.h" />
		<Unit filename="Network\NET_Prototype.h" />
		<Unit filename="Network\RecvPACKET.cpp" />
		<Unit filename="Network\RecvPACKET.h" />
		<Unit filename="Network\SendPACKET.cpp" />
		<Unit filename="Network\SendPACKET.h" />
		<Unit filename="UIforTest.cpp" />
		<Unit filename="UIforTest.h" />
		<Unit filename="CCamera.cpp" />
		<Unit filename="CCamera.h" />
		<Unit filename="CClientStorage.cpp" />
		<Unit filename="CClientStorage.h" />
		<Unit filename="CViewMSG.cpp" />
		<Unit filename="CViewMSG.h" />
		<Unit filename="Game.cpp" />
		<Unit filename="Game.h" />
		<Unit filename="JCommandState.cpp" />
		<Unit filename="JCommandState.h" />
		<Unit filename="Client.ico" />
		<Unit filename="Client.rc">
			<Option compilerVar="WINDRES" />
		</Unit>
		<Unit filename="small.ico" />
		<Unit filename="lua.exe" />
		<Unit filename="luac.exe" />
		<Unit filename="ReadMe.txt" />
		<Extensions>
			<code_completion />
			<debugger />
		</Extensions>
	</Project>
</CodeBlocks_project_file>
